// !$*UTF8*$!
{
	archiveVersion = 1;
	classes = {
	};
	objectVersion = 51;
	objects = {

/* Begin PBXBuildFile section */
		003DEFDF1EAB48FC0BC24B98 /* ToDoInputView.swift in Sources */ = {isa = PBXBuildFile; fileRef = 3E452CFB89C38BFCA675B4C3 /* ToDoInputView.swift */; };
		136678E286A4E04198530CAC /* OpenTodoManager.swift in Sources */ = {isa = PBXBuildFile; fileRef = 2BDB2227A695D8E77BAEFE45 /* OpenTodoManager.swift */; };
		13FF59CC3B23F1BEA73B8912 /* Pods_TodoList_SwiftUI.framework in Frameworks */ = {isa = PBXBuildFile; fileRef = 06C31BC180B24178E40CBF8B /* Pods_TodoList_SwiftUI.framework */; };
		17B47BAB788978F895866158 /* Assets.xcassets in Resources */ = {isa = PBXBuildFile; fileRef = 113C3EE4893469E87B9E9CA3 /* Assets.xcassets */; };
		199CD7AB8736002042DB1723 /* SceneDelegate.swift in Sources */ = {isa = PBXBuildFile; fileRef = 96FF73B6CC70CA1245096FB9 /* SceneDelegate.swift */; };
		207B4900A5D29D30A301FAE1 /* ToDoModel.swift in Sources */ = {isa = PBXBuildFile; fileRef = 96DD36635A44F153596091B0 /* ToDoModel.swift */; };
		2381C5FE2575D819D68A5DE5 /* Message.strings in Resources */ = {isa = PBXBuildFile; fileRef = 829A1F3D5004FF6AF9F5BB72 /* Message.strings */; };
		23ABCB2966EB049BE8417AF6 /* Preview Assets.xcassets in Resources */ = {isa = PBXBuildFile; fileRef = 1A01DAC8CFF838AE3FE01AAF /* Preview Assets.xcassets */; };
		3E0174B6277CAD3F18D2E29F /* RealmSwift in Frameworks */ = {isa = PBXBuildFile; productRef = 96021D827037785B873E65FA /* RealmSwift */; };
		40A54662380B154B4014148A /* LaunchScreen.storyboard in Resources */ = {isa = PBXBuildFile; fileRef = 9EBD2E2216E58C534E270ABF /* LaunchScreen.storyboard */; };
		4AC79EF92AF558ED5277BB7E /* Errors.swift in Sources */ = {isa = PBXBuildFile; fileRef = 7F8759685C310B51CCA91F08 /* Errors.swift */; };
		54E786D13E5B99A7DDC02B96 /* TodoWidget.intentdefinition in Sources */ = {isa = PBXBuildFile; fileRef = D21EC65EC0F97204B54F24C7 /* TodoWidget.intentdefinition */; };
		618D14C1CDB3EB08AD3C2D27 /* Errors.swift in Sources */ = {isa = PBXBuildFile; fileRef = 7F8759685C310B51CCA91F08 /* Errors.swift */; };
		62FB8F854102411338A8862C /* ToDoDetailView.swift in Sources */ = {isa = PBXBuildFile; fileRef = 0B263F862E9718B922036314 /* ToDoDetailView.swift */; };
		68152E234B28196B057F59C3 /* R.generated.swift in Sources */ = {isa = PBXBuildFile; fileRef = A4FBDA51E6ED4547E61CA7EC /* R.generated.swift */; };
		6A5446901FEDD6E03ED1DC28 /* TodoWidgetExtension.appex in Embed App Extensions */ = {isa = PBXBuildFile; fileRef = 047DF1E03E72561FF101C580 /* TodoWidgetExtension.appex */; settings = {ATTRIBUTES = (RemoveHeadersOnCopy, ); }; };
		7F3949A87F5113BC44AEE0A4 /* ColorExtension.swift in Sources */ = {isa = PBXBuildFile; fileRef = E1C5CB414B6EA5362149C006 /* ColorExtension.swift */; };
		7FB7ACB4993F4A66F268CC79 /* Format.swift in Sources */ = {isa = PBXBuildFile; fileRef = E94423B8151E0F6D25A175F1 /* Format.swift */; };
		8193C238672A8D074D8BAA58 /* AppDelegate.swift in Sources */ = {isa = PBXBuildFile; fileRef = 47E953107FCAA0B218029236 /* AppDelegate.swift */; };
		8D01B488C6AA5FB2BF9C949C /* ToDoModel.swift in Sources */ = {isa = PBXBuildFile; fileRef = 96DD36635A44F153596091B0 /* ToDoModel.swift */; };
		8EC9B8BFBFAE09D80E453B6E /* TodoWidget.swift in Sources */ = {isa = PBXBuildFile; fileRef = 92D8359AD43060AA25D31337 /* TodoWidget.swift */; };
		969DDFDAFD14A006A415D78D /* CompletionFlag.swift in Sources */ = {isa = PBXBuildFile; fileRef = AAE6668E7E161F2C04274847 /* CompletionFlag.swift */; };
		98D79F7F75140BB14CBA6EB0 /* TodoWidget.intentdefinition in Sources */ = {isa = PBXBuildFile; fileRef = D21EC65EC0F97204B54F24C7 /* TodoWidget.intentdefinition */; };
		997564B0891E3721A4D197FC /* NotificationManager.swift in Sources */ = {isa = PBXBuildFile; fileRef = 00CCBEECE46DD8FA2502E51C /* NotificationManager.swift */; };
		9E316B18A5D6E7E012A85093 /* NotificationManager.swift in Sources */ = {isa = PBXBuildFile; fileRef = 00CCBEECE46DD8FA2502E51C /* NotificationManager.swift */; };
		9FC0D5A86017A9431C27353C /* labels.strings in Resources */ = {isa = PBXBuildFile; fileRef = B6A0F597B3D09B88D35BF727 /* labels.strings */; };
		A3C4F1408FD9BA876F98165C /* ToDoDetailViewModel.swift in Sources */ = {isa = PBXBuildFile; fileRef = 2E7DE7737D5364E8CCC8B428 /* ToDoDetailViewModel.swift */; };
		A5A899ABB3AF3133950032F8 /* TodoList_Tests.swift in Sources */ = {isa = PBXBuildFile; fileRef = E8EF96E6A8F6B4D1821476E6 /* TodoList_Tests.swift */; };
		A6A445BAC6D83B0F136A7171 /* CompletionLabel.swift in Sources */ = {isa = PBXBuildFile; fileRef = 3890367700EEC690A9B14935 /* CompletionLabel.swift */; };
		AB88EF26E298F3AACAB28E65 /* ToDoRow.swift in Sources */ = {isa = PBXBuildFile; fileRef = 2EC44B2FB0D1A08E0CAF29ED /* ToDoRow.swift */; };
		AE1A5FCAB605B8EC13294517 /* SwiftUI.framework in Frameworks */ = {isa = PBXBuildFile; fileRef = 228766B5EE565F65F84C6E4D /* SwiftUI.framework */; };
		AF5B7C92B9559BA14D9AEFE7 /* NotificationManagerTests.swift in Sources */ = {isa = PBXBuildFile; fileRef = 9E4D93BAD3BBE8250FBE9C2E /* NotificationManagerTests.swift */; };
		B13D46206C32D7139F550298 /* TodoList_UITests.swift in Sources */ = {isa = PBXBuildFile; fileRef = 8AF71312F7608AF20C476509 /* TodoList_UITests.swift */; };
		B5144686D699B8FA95078751 /* WidgetKit.framework in Frameworks */ = {isa = PBXBuildFile; fileRef = 5730AF4F015C78269DB16CD7 /* WidgetKit.framework */; };
		B77AF55112EF27F169CC6E53 /* AccessibilityText.strings in Resources */ = {isa = PBXBuildFile; fileRef = ADF419A47BA8A054EF559062 /* AccessibilityText.strings */; };
		B7AC84BD703CE97F1BCC1389 /* ToDoViewModel.swift in Sources */ = {isa = PBXBuildFile; fileRef = C85886507310C615533FCD84 /* ToDoViewModel.swift */; };
		BBD97D7D0098DC664F8E3C6A /* UserDefaultsExtensions.swift in Sources */ = {isa = PBXBuildFile; fileRef = E42C81706B73F8C29F589266 /* UserDefaultsExtensions.swift */; };
		BDD266186C8FBC12EC629171 /* UserDefaultsExtensions.swift in Sources */ = {isa = PBXBuildFile; fileRef = E42C81706B73F8C29F589266 /* UserDefaultsExtensions.swift */; };
		BFA3A688ECC920285F96CEDB /* Assets.xcassets in Resources */ = {isa = PBXBuildFile; fileRef = 70FB2379A6901F2D43B266FB /* Assets.xcassets */; };
		C55495747D6D60B9C5DA53E6 /* ToDoListView.swift in Sources */ = {isa = PBXBuildFile; fileRef = C5EC9AE2B850A129E2096DD9 /* ToDoListView.swift */; };
		D755AE83E5F55FF605C88B25 /* CompletionFlag.swift in Sources */ = {isa = PBXBuildFile; fileRef = AAE6668E7E161F2C04274847 /* CompletionFlag.swift */; };
		E315C1A72521256B86C0F835 /* RealmSwift in Frameworks */ = {isa = PBXBuildFile; productRef = 01B4ACB688F331AA15D24042 /* RealmSwift */; };
		E6717F2BA89786F86AE64B42 /* Notifications.strings in Resources */ = {isa = PBXBuildFile; fileRef = D4BFBE2F36448E310C4FB07B /* Notifications.strings */; };
		E909DAFFB062C438422046A0 /* Label.strings in Resources */ = {isa = PBXBuildFile; fileRef = CDE273B8ABBB039510503D22 /* Label.strings */; };
		F04583B40B29FDE53C037AD6 /* TodoDetailViewModelTest.swift in Sources */ = {isa = PBXBuildFile; fileRef = 9308EB6364650E528DB175C3 /* TodoDetailViewModelTest.swift */; };
		F9844B3033662E3A403829A6 /* InputViewModel.swift in Sources */ = {isa = PBXBuildFile; fileRef = 2650706EEB92FC1469D4B627 /* InputViewModel.swift */; };
		FB4790ABF0D23109045DB03D /* Format.swift in Sources */ = {isa = PBXBuildFile; fileRef = E94423B8151E0F6D25A175F1 /* Format.swift */; };
/* End PBXBuildFile section */

/* Begin PBXContainerItemProxy section */
		24FBDB7C43374105E1EA0D69 /* PBXContainerItemProxy */ = {
			isa = PBXContainerItemProxy;
			containerPortal = 9F7BB6A6041644E649E8380E /* Project object */;
			proxyType = 1;
			remoteGlobalIDString = 4AC6BCC50D52F9F8F1DBC46A;
			remoteInfo = TodoList_SwiftUI;
		};
		4C2FCF5A9E31C2C3DF970FD0 /* PBXContainerItemProxy */ = {
			isa = PBXContainerItemProxy;
			containerPortal = 9F7BB6A6041644E649E8380E /* Project object */;
			proxyType = 1;
			remoteGlobalIDString = 4AC6BCC50D52F9F8F1DBC46A;
			remoteInfo = TodoList_SwiftUI;
		};
		FC9BAA28168B6301C853434F /* PBXContainerItemProxy */ = {
			isa = PBXContainerItemProxy;
			containerPortal = 9F7BB6A6041644E649E8380E /* Project object */;
			proxyType = 1;
			remoteGlobalIDString = 467516513D53AB0C0230AB39;
			remoteInfo = TodoWidgetExtension;
		};
/* End PBXContainerItemProxy section */

/* Begin PBXCopyFilesBuildPhase section */
		F9EAD408905B5EFF716EE8EE /* Embed App Extensions */ = {
			isa = PBXCopyFilesBuildPhase;
			buildActionMask = 2147483647;
			dstPath = "";
			dstSubfolderSpec = 13;
			files = (
				6A5446901FEDD6E03ED1DC28 /* TodoWidgetExtension.appex in Embed App Extensions */,
			);
			name = "Embed App Extensions";
			runOnlyForDeploymentPostprocessing = 0;
		};
/* End PBXCopyFilesBuildPhase section */

/* Begin PBXFileReference section */
		00CCBEECE46DD8FA2502E51C /* NotificationManager.swift */ = {isa = PBXFileReference; lastKnownFileType = sourcecode.swift; path = NotificationManager.swift; sourceTree = "<group>"; };
		047DF1E03E72561FF101C580 /* TodoWidgetExtension.appex */ = {isa = PBXFileReference; includeInIndex = 0; lastKnownFileType = "wrapper.app-extension"; path = TodoWidgetExtension.appex; sourceTree = BUILT_PRODUCTS_DIR; };
		06C31BC180B24178E40CBF8B /* Pods_TodoList_SwiftUI.framework */ = {isa = PBXFileReference; explicitFileType = wrapper.framework; includeInIndex = 0; path = Pods_TodoList_SwiftUI.framework; sourceTree = BUILT_PRODUCTS_DIR; };
		0B263F862E9718B922036314 /* ToDoDetailView.swift */ = {isa = PBXFileReference; lastKnownFileType = sourcecode.swift; path = ToDoDetailView.swift; sourceTree = "<group>"; };
		0DF79A6FCA9674798B8AC505 /* en */ = {isa = PBXFileReference; lastKnownFileType = text.plist.strings; name = en; path = en.lproj/Notifications.strings; sourceTree = "<group>"; };
		113C3EE4893469E87B9E9CA3 /* Assets.xcassets */ = {isa = PBXFileReference; lastKnownFileType = folder.assetcatalog; path = Assets.xcassets; sourceTree = "<group>"; };
		14E408EAC64229C76FED46DE /* ja */ = {isa = PBXFileReference; lastKnownFileType = text.plist.strings; name = ja; path = ja.lproj/AccessibilityText.strings; sourceTree = "<group>"; };
		16CF61707C33D1DC573332A1 /* Info.plist */ = {isa = PBXFileReference; lastKnownFileType = text.plist; path = Info.plist; sourceTree = "<group>"; };
		1747ADCAECF0025C6F54D0DB /* ja */ = {isa = PBXFileReference; lastKnownFileType = text.plist.strings; name = ja; path = ja.lproj/Label.strings; sourceTree = "<group>"; };
		1A01DAC8CFF838AE3FE01AAF /* Preview Assets.xcassets */ = {isa = PBXFileReference; lastKnownFileType = folder.assetcatalog; path = "Preview Assets.xcassets"; sourceTree = "<group>"; };
		1E9C172ED4778FFB1F750AB0 /* ja */ = {isa = PBXFileReference; lastKnownFileType = text.plist.strings; name = ja; path = ja.lproj/LaunchScreen.strings; sourceTree = "<group>"; };
		228766B5EE565F65F84C6E4D /* SwiftUI.framework */ = {isa = PBXFileReference; lastKnownFileType = wrapper.framework; name = SwiftUI.framework; path = System/Library/Frameworks/SwiftUI.framework; sourceTree = SDKROOT; };
		2650706EEB92FC1469D4B627 /* InputViewModel.swift */ = {isa = PBXFileReference; lastKnownFileType = sourcecode.swift; path = InputViewModel.swift; sourceTree = "<group>"; };
		27F7F22C7D55253D8AD081A7 /* TodoList_SwiftUI.entitlements */ = {isa = PBXFileReference; lastKnownFileType = text.plist.entitlements; path = TodoList_SwiftUI.entitlements; sourceTree = "<group>"; };
		29E185F418EE482C944A1D8B /* TodoList_UITests.xctest */ = {isa = PBXFileReference; includeInIndex = 0; lastKnownFileType = wrapper.cfbundle; path = TodoList_UITests.xctest; sourceTree = BUILT_PRODUCTS_DIR; };
		2BDB2227A695D8E77BAEFE45 /* OpenTodoManager.swift */ = {isa = PBXFileReference; lastKnownFileType = sourcecode.swift; path = OpenTodoManager.swift; sourceTree = "<group>"; };
		2E7DE7737D5364E8CCC8B428 /* ToDoDetailViewModel.swift */ = {isa = PBXFileReference; lastKnownFileType = sourcecode.swift; path = ToDoDetailViewModel.swift; sourceTree = "<group>"; };
		2EC44B2FB0D1A08E0CAF29ED /* ToDoRow.swift */ = {isa = PBXFileReference; lastKnownFileType = sourcecode.swift; path = ToDoRow.swift; sourceTree = "<group>"; };
		3890367700EEC690A9B14935 /* CompletionLabel.swift */ = {isa = PBXFileReference; lastKnownFileType = sourcecode.swift; path = CompletionLabel.swift; sourceTree = "<group>"; };
		3E452CFB89C38BFCA675B4C3 /* ToDoInputView.swift */ = {isa = PBXFileReference; lastKnownFileType = sourcecode.swift; path = ToDoInputView.swift; sourceTree = "<group>"; };
		40DA13B435183D26A717EEF7 /* Info.plist */ = {isa = PBXFileReference; lastKnownFileType = text.plist; path = Info.plist; sourceTree = "<group>"; };
		40EDFB2E8192AE99C9C6D51C /* Base */ = {isa = PBXFileReference; lastKnownFileType = file.storyboard; name = Base; path = Base.lproj/LaunchScreen.storyboard; sourceTree = "<group>"; };
		47E953107FCAA0B218029236 /* AppDelegate.swift */ = {isa = PBXFileReference; lastKnownFileType = sourcecode.swift; path = AppDelegate.swift; sourceTree = "<group>"; };
		4B866528ACA54F1F3F9D2A13 /* ja */ = {isa = PBXFileReference; lastKnownFileType = text.plist.strings; name = ja; path = ja.lproj/labels.strings; sourceTree = "<group>"; };
		5730AF4F015C78269DB16CD7 /* WidgetKit.framework */ = {isa = PBXFileReference; lastKnownFileType = wrapper.framework; name = WidgetKit.framework; path = System/Library/Frameworks/WidgetKit.framework; sourceTree = SDKROOT; };
		61DC3AD0BDFB73689BCEA0C1 /* en */ = {isa = PBXFileReference; lastKnownFileType = text.plist.strings; name = en; path = en.lproj/Label.strings; sourceTree = "<group>"; };
		6B064E1CDCF19DFE044EAD6B /* en */ = {isa = PBXFileReference; lastKnownFileType = text.plist.strings; name = en; path = en.lproj/labels.strings; sourceTree = "<group>"; };
		6EA49D6CA5AB255361590B19 /* en */ = {isa = PBXFileReference; lastKnownFileType = text.plist.strings; name = en; path = en.lproj/AccessibilityText.strings; sourceTree = "<group>"; };
		70FB2379A6901F2D43B266FB /* Assets.xcassets */ = {isa = PBXFileReference; lastKnownFileType = folder.assetcatalog; path = Assets.xcassets; sourceTree = "<group>"; };
		787D9D9D260E62A731A5CE28 /* Pods-TodoList_SwiftUI.debug.xcconfig */ = {isa = PBXFileReference; includeInIndex = 1; lastKnownFileType = text.xcconfig; name = "Pods-TodoList_SwiftUI.debug.xcconfig"; path = "Target Support Files/Pods-TodoList_SwiftUI/Pods-TodoList_SwiftUI.debug.xcconfig"; sourceTree = "<group>"; };
		7F8759685C310B51CCA91F08 /* Errors.swift */ = {isa = PBXFileReference; lastKnownFileType = sourcecode.swift; path = Errors.swift; sourceTree = "<group>"; };
		8AF71312F7608AF20C476509 /* TodoList_UITests.swift */ = {isa = PBXFileReference; lastKnownFileType = sourcecode.swift; path = TodoList_UITests.swift; sourceTree = "<group>"; };
		901A8784D818ABBB64C67C01 /* TodoList_SwiftUI.app */ = {isa = PBXFileReference; includeInIndex = 0; lastKnownFileType = wrapper.application; path = TodoList_SwiftUI.app; sourceTree = BUILT_PRODUCTS_DIR; };
		92D8359AD43060AA25D31337 /* TodoWidget.swift */ = {isa = PBXFileReference; lastKnownFileType = sourcecode.swift; path = TodoWidget.swift; sourceTree = "<group>"; };
		9308EB6364650E528DB175C3 /* TodoDetailViewModelTest.swift */ = {isa = PBXFileReference; lastKnownFileType = sourcecode.swift; path = TodoDetailViewModelTest.swift; sourceTree = "<group>"; };
		96DD36635A44F153596091B0 /* ToDoModel.swift */ = {isa = PBXFileReference; lastKnownFileType = sourcecode.swift; path = ToDoModel.swift; sourceTree = "<group>"; };
		96FF73B6CC70CA1245096FB9 /* SceneDelegate.swift */ = {isa = PBXFileReference; lastKnownFileType = sourcecode.swift; path = SceneDelegate.swift; sourceTree = "<group>"; };
		9E4D93BAD3BBE8250FBE9C2E /* NotificationManagerTests.swift */ = {isa = PBXFileReference; lastKnownFileType = sourcecode.swift; path = NotificationManagerTests.swift; sourceTree = "<group>"; };
		A4FBDA51E6ED4547E61CA7EC /* R.generated.swift */ = {isa = PBXFileReference; lastKnownFileType = sourcecode.swift; path = R.generated.swift; sourceTree = "<group>"; };
		AA63F92716C7E5F27E13C820 /* Info.plist */ = {isa = PBXFileReference; lastKnownFileType = text.plist; path = Info.plist; sourceTree = "<group>"; };
		AA6EB2810DE2D5FD5B9F45B0 /* ja */ = {isa = PBXFileReference; lastKnownFileType = text.plist.strings; name = ja; path = ja.lproj/Notifications.strings; sourceTree = "<group>"; };
		AAE6668E7E161F2C04274847 /* CompletionFlag.swift */ = {isa = PBXFileReference; lastKnownFileType = sourcecode.swift; path = CompletionFlag.swift; sourceTree = "<group>"; };
		B711FC597F568962FC112B4E /* TodoList_Tests.xctest */ = {isa = PBXFileReference; includeInIndex = 0; lastKnownFileType = wrapper.cfbundle; path = TodoList_Tests.xctest; sourceTree = BUILT_PRODUCTS_DIR; };
		C5EC9AE2B850A129E2096DD9 /* ToDoListView.swift */ = {isa = PBXFileReference; lastKnownFileType = sourcecode.swift; path = ToDoListView.swift; sourceTree = "<group>"; };
		C85886507310C615533FCD84 /* ToDoViewModel.swift */ = {isa = PBXFileReference; lastKnownFileType = sourcecode.swift; path = ToDoViewModel.swift; sourceTree = "<group>"; };
		D21EC65EC0F97204B54F24C7 /* TodoWidget.intentdefinition */ = {isa = PBXFileReference; lastKnownFileType = file.intentdefinition; path = TodoWidget.intentdefinition; sourceTree = "<group>"; };
		D9E9525BA2492E10FE5FDA39 /* ja */ = {isa = PBXFileReference; lastKnownFileType = text.plist.strings; name = ja; path = ja.lproj/Message.strings; sourceTree = "<group>"; };
		E09F38D7A65F00E0D91AF1FF /* Info.plist */ = {isa = PBXFileReference; lastKnownFileType = text.plist; path = Info.plist; sourceTree = "<group>"; };
		E1C5CB414B6EA5362149C006 /* ColorExtension.swift */ = {isa = PBXFileReference; lastKnownFileType = sourcecode.swift; path = ColorExtension.swift; sourceTree = "<group>"; };
		E42C81706B73F8C29F589266 /* UserDefaultsExtensions.swift */ = {isa = PBXFileReference; lastKnownFileType = sourcecode.swift; path = UserDefaultsExtensions.swift; sourceTree = "<group>"; };
		E8EF96E6A8F6B4D1821476E6 /* TodoList_Tests.swift */ = {isa = PBXFileReference; lastKnownFileType = sourcecode.swift; path = TodoList_Tests.swift; sourceTree = "<group>"; };
		E94423B8151E0F6D25A175F1 /* Format.swift */ = {isa = PBXFileReference; lastKnownFileType = sourcecode.swift; path = Format.swift; sourceTree = "<group>"; };
		F5955B0BC4FD3FC05E4CF94F /* en */ = {isa = PBXFileReference; lastKnownFileType = text.plist.strings; name = en; path = en.lproj/Message.strings; sourceTree = "<group>"; };
		FF5B694E388509C8D073FB1D /* Pods-TodoList_SwiftUI.release.xcconfig */ = {isa = PBXFileReference; includeInIndex = 1; lastKnownFileType = text.xcconfig; name = "Pods-TodoList_SwiftUI.release.xcconfig"; path = "Target Support Files/Pods-TodoList_SwiftUI/Pods-TodoList_SwiftUI.release.xcconfig"; sourceTree = "<group>"; };
/* End PBXFileReference section */

/* Begin PBXFrameworksBuildPhase section */
		5EF486CA153C015A20C6A9D7 /* Frameworks */ = {
			isa = PBXFrameworksBuildPhase;
			buildActionMask = 2147483647;
			files = (
				3E0174B6277CAD3F18D2E29F /* RealmSwift in Frameworks */,
				13FF59CC3B23F1BEA73B8912 /* Pods_TodoList_SwiftUI.framework in Frameworks */,
			);
			runOnlyForDeploymentPostprocessing = 0;
		};
		D38CC3D8A58F5BBD2A2EB95B /* Frameworks */ = {
			isa = PBXFrameworksBuildPhase;
			buildActionMask = 2147483647;
			files = (
				AE1A5FCAB605B8EC13294517 /* SwiftUI.framework in Frameworks */,
				B5144686D699B8FA95078751 /* WidgetKit.framework in Frameworks */,
				E315C1A72521256B86C0F835 /* RealmSwift in Frameworks */,
			);
			runOnlyForDeploymentPostprocessing = 0;
		};
/* End PBXFrameworksBuildPhase section */

/* Begin PBXGroup section */
		04BBC48C1F6ABBE291D71EAA /* Frameworks */ = {
			isa = PBXGroup;
			children = (
				228766B5EE565F65F84C6E4D /* SwiftUI.framework */,
				5730AF4F015C78269DB16CD7 /* WidgetKit.framework */,
				06C31BC180B24178E40CBF8B /* Pods_TodoList_SwiftUI.framework */,
			);
			name = Frameworks;
			sourceTree = "<group>";
		};
		22B305DAD499D31D28F66879 /* TodoWidget */ = {
			isa = PBXGroup;
			children = (
				113C3EE4893469E87B9E9CA3 /* Assets.xcassets */,
				16CF61707C33D1DC573332A1 /* Info.plist */,
				D21EC65EC0F97204B54F24C7 /* TodoWidget.intentdefinition */,
				92D8359AD43060AA25D31337 /* TodoWidget.swift */,
				A93D5588BB2EF0E1F7E52D3C /* Strings */,
			);
			path = TodoWidget;
			sourceTree = "<group>";
		};
		27C57DAFBC22CE6217A5FDDC /* Preview Content */ = {
			isa = PBXGroup;
			children = (
				1A01DAC8CFF838AE3FE01AAF /* Preview Assets.xcassets */,
			);
			path = "Preview Content";
			sourceTree = "<group>";
		};
		2C2268C8A271AAF075AEF725 /* Views */ = {
			isa = PBXGroup;
			children = (
				3890367700EEC690A9B14935 /* CompletionLabel.swift */,
				2EC44B2FB0D1A08E0CAF29ED /* ToDoRow.swift */,
			);
			path = Views;
			sourceTree = "<group>";
		};
		2D680DBDDD12F91267F03396 /* Models */ = {
			isa = PBXGroup;
			children = (
				96DD36635A44F153596091B0 /* ToDoModel.swift */,
			);
			path = Models;
			sourceTree = "<group>";
		};
		5447899A60E1CD94FAC2B574 /* Generated */ = {
			isa = PBXGroup;
			children = (
				A4FBDA51E6ED4547E61CA7EC /* R.generated.swift */,
			);
			path = Generated;
			sourceTree = "<group>";
		};
		6385141051EE1E07F76D8F8F /* ListView */ = {
			isa = PBXGroup;
			children = (
				C5EC9AE2B850A129E2096DD9 /* ToDoListView.swift */,
				C85886507310C615533FCD84 /* ToDoViewModel.swift */,
			);
			path = ListView;
			sourceTree = "<group>";
		};
		77A27ED52B5EFC81C417BFA4 /* Other */ = {
			isa = PBXGroup;
			children = (
				AAE6668E7E161F2C04274847 /* CompletionFlag.swift */,
				7F8759685C310B51CCA91F08 /* Errors.swift */,
				E94423B8151E0F6D25A175F1 /* Format.swift */,
				00CCBEECE46DD8FA2502E51C /* NotificationManager.swift */,
				2BDB2227A695D8E77BAEFE45 /* OpenTodoManager.swift */,
				FF4A82F39BA68F43AF75BC6C /* Strings */,
			);
			path = Other;
			sourceTree = "<group>";
		};
		7CEB67207CD127452756F0C6 /* DetailView */ = {
			isa = PBXGroup;
			children = (
				0B263F862E9718B922036314 /* ToDoDetailView.swift */,
				2E7DE7737D5364E8CCC8B428 /* ToDoDetailViewModel.swift */,
			);
			path = DetailView;
			sourceTree = "<group>";
		};
		9511C8E7C414CCBF623FF1DC /* TodoList_SwiftUI */ = {
			isa = PBXGroup;
			children = (
				47E953107FCAA0B218029236 /* AppDelegate.swift */,
				70FB2379A6901F2D43B266FB /* Assets.xcassets */,
				E09F38D7A65F00E0D91AF1FF /* Info.plist */,
				9EBD2E2216E58C534E270ABF /* LaunchScreen.storyboard */,
				96FF73B6CC70CA1245096FB9 /* SceneDelegate.swift */,
				27F7F22C7D55253D8AD081A7 /* TodoList_SwiftUI.entitlements */,
				F9D02DBE5D7AF825E14F23D0 /* Extensions */,
				5447899A60E1CD94FAC2B574 /* Generated */,
				2D680DBDDD12F91267F03396 /* Models */,
				77A27ED52B5EFC81C417BFA4 /* Other */,
				27C57DAFBC22CE6217A5FDDC /* Preview Content */,
				A65BCB3B76B195AF4F46968A /* Screen */,
				2C2268C8A271AAF075AEF725 /* Views */,
			);
			path = TodoList_SwiftUI;
			sourceTree = "<group>";
		};
		A65BCB3B76B195AF4F46968A /* Screen */ = {
			isa = PBXGroup;
			children = (
				7CEB67207CD127452756F0C6 /* DetailView */,
				C3B3508870840ACED1F4D247 /* InputView */,
				6385141051EE1E07F76D8F8F /* ListView */,
			);
			path = Screen;
			sourceTree = "<group>";
		};
		A93D5588BB2EF0E1F7E52D3C /* Strings */ = {
			isa = PBXGroup;
			children = (
				CDE273B8ABBB039510503D22 /* Label.strings */,
			);
			path = Strings;
			sourceTree = "<group>";
		};
		C14BABA8CC093BDB648B244B /* Pods */ = {
			isa = PBXGroup;
			children = (
				787D9D9D260E62A731A5CE28 /* Pods-TodoList_SwiftUI.debug.xcconfig */,
				FF5B694E388509C8D073FB1D /* Pods-TodoList_SwiftUI.release.xcconfig */,
			);
			name = Pods;
			path = Pods;
			sourceTree = "<group>";
		};
		C370D4CDECD848DD3D395650 = {
			isa = PBXGroup;
			children = (
				9511C8E7C414CCBF623FF1DC /* TodoList_SwiftUI */,
				FD39844943C3C939765924CC /* TodoList_Tests */,
				DAEAB40AE07DFCEC7527CD69 /* TodoList_UITests */,
				22B305DAD499D31D28F66879 /* TodoWidget */,
				04BBC48C1F6ABBE291D71EAA /* Frameworks */,
				ED9739C0A103342CB0298575 /* Products */,
				C14BABA8CC093BDB648B244B /* Pods */,
			);
			sourceTree = "<group>";
		};
		C3B3508870840ACED1F4D247 /* InputView */ = {
			isa = PBXGroup;
			children = (
				2650706EEB92FC1469D4B627 /* InputViewModel.swift */,
				3E452CFB89C38BFCA675B4C3 /* ToDoInputView.swift */,
			);
			path = InputView;
			sourceTree = "<group>";
		};
		DAEAB40AE07DFCEC7527CD69 /* TodoList_UITests */ = {
			isa = PBXGroup;
			children = (
				40DA13B435183D26A717EEF7 /* Info.plist */,
				8AF71312F7608AF20C476509 /* TodoList_UITests.swift */,
			);
			path = TodoList_UITests;
			sourceTree = "<group>";
		};
		ED9739C0A103342CB0298575 /* Products */ = {
			isa = PBXGroup;
			children = (
				901A8784D818ABBB64C67C01 /* TodoList_SwiftUI.app */,
				B711FC597F568962FC112B4E /* TodoList_Tests.xctest */,
				29E185F418EE482C944A1D8B /* TodoList_UITests.xctest */,
				047DF1E03E72561FF101C580 /* TodoWidgetExtension.appex */,
			);
			name = Products;
			sourceTree = "<group>";
		};
		F9D02DBE5D7AF825E14F23D0 /* Extensions */ = {
			isa = PBXGroup;
			children = (
				E1C5CB414B6EA5362149C006 /* ColorExtension.swift */,
				E42C81706B73F8C29F589266 /* UserDefaultsExtensions.swift */,
			);
			path = Extensions;
			sourceTree = "<group>";
		};
		FD39844943C3C939765924CC /* TodoList_Tests */ = {
			isa = PBXGroup;
			children = (
				AA63F92716C7E5F27E13C820 /* Info.plist */,
				9E4D93BAD3BBE8250FBE9C2E /* NotificationManagerTests.swift */,
				9308EB6364650E528DB175C3 /* TodoDetailViewModelTest.swift */,
				E8EF96E6A8F6B4D1821476E6 /* TodoList_Tests.swift */,
			);
			path = TodoList_Tests;
			sourceTree = "<group>";
		};
		FF4A82F39BA68F43AF75BC6C /* Strings */ = {
			isa = PBXGroup;
			children = (
				ADF419A47BA8A054EF559062 /* AccessibilityText.strings */,
				B6A0F597B3D09B88D35BF727 /* labels.strings */,
				829A1F3D5004FF6AF9F5BB72 /* Message.strings */,
				D4BFBE2F36448E310C4FB07B /* Notifications.strings */,
			);
			path = Strings;
			sourceTree = "<group>";
		};
/* End PBXGroup section */

/* Begin PBXNativeTarget section */
		467516513D53AB0C0230AB39 /* TodoWidgetExtension */ = {
			isa = PBXNativeTarget;
			buildConfigurationList = 4BD40D8C21A09AB5E508A5EB /* Build configuration list for PBXNativeTarget "TodoWidgetExtension" */;
			buildPhases = (
				9D25F380A12CAF3D28096664 /* Sources */,
				64FE07A78B37B16FA34BE37C /* Resources */,
				D38CC3D8A58F5BBD2A2EB95B /* Frameworks */,
			);
			buildRules = (
			);
			dependencies = (
			);
			name = TodoWidgetExtension;
			packageProductDependencies = (
				01B4ACB688F331AA15D24042 /* RealmSwift */,
			);
			productName = TodoWidgetExtension;
			productReference = 047DF1E03E72561FF101C580 /* TodoWidgetExtension.appex */;
			productType = "com.apple.product-type.app-extension";
		};
		4AC6BCC50D52F9F8F1DBC46A /* TodoList_SwiftUI */ = {
			isa = PBXNativeTarget;
			buildConfigurationList = 232DA6055E8A7840945F86BF /* Build configuration list for PBXNativeTarget "TodoList_SwiftUI" */;
			buildPhases = (
				C343EAF57ED6E327DE987871 /* [CP] Check Pods Manifest.lock */,
				EB99DDFD013F752D07AF094B /* Run R.swift */,
				D739F170899B0F9B2A212C69 /* Sources */,
				CA506318C7A30FFA465EF233 /* Resources */,
				5EF486CA153C015A20C6A9D7 /* Frameworks */,
				F9EAD408905B5EFF716EE8EE /* Embed App Extensions */,
				B6A6508098C3457B29EBC68A /* [CP] Embed Pods Frameworks */,
			);
			buildRules = (
			);
			dependencies = (
				8BB9E5BD1736CE0F15BD5A7E /* PBXTargetDependency */,
			);
			name = TodoList_SwiftUI;
			packageProductDependencies = (
				96021D827037785B873E65FA /* RealmSwift */,
			);
			productName = TodoList_SwiftUI;
			productReference = 901A8784D818ABBB64C67C01 /* TodoList_SwiftUI.app */;
			productType = "com.apple.product-type.application";
		};
		9EC5AD225E7E1A3EADD44940 /* TodoList_UITests */ = {
			isa = PBXNativeTarget;
			buildConfigurationList = 104904E18D7A5B81D15CE91D /* Build configuration list for PBXNativeTarget "TodoList_UITests" */;
			buildPhases = (
				BB5AFA65D32BA67E346CE6D6 /* Sources */,
			);
			buildRules = (
			);
			dependencies = (
				B798FB5C51420261AF35A0C7 /* PBXTargetDependency */,
			);
			name = TodoList_UITests;
			productName = TodoList_UITests;
			productReference = 29E185F418EE482C944A1D8B /* TodoList_UITests.xctest */;
			productType = "com.apple.product-type.bundle.ui-testing";
		};
		D379E9181F862D3CD75B29D2 /* TodoList_Tests */ = {
			isa = PBXNativeTarget;
			buildConfigurationList = 8728FEEC2F6811611AC0265E /* Build configuration list for PBXNativeTarget "TodoList_Tests" */;
			buildPhases = (
				EA0D680FF8BAA26E0183D7A3 /* Sources */,
			);
			buildRules = (
			);
			dependencies = (
				17018A9B3980FE7F835A8A6B /* PBXTargetDependency */,
			);
			name = TodoList_Tests;
			productName = TodoList_Tests;
			productReference = B711FC597F568962FC112B4E /* TodoList_Tests.xctest */;
			productType = "com.apple.product-type.bundle.unit-test";
		};
/* End PBXNativeTarget section */

/* Begin PBXProject section */
		9F7BB6A6041644E649E8380E /* Project object */ = {
			isa = PBXProject;
			attributes = {
				LastUpgradeCheck = 1200;
				TargetAttributes = {
					467516513D53AB0C0230AB39 = {
						DevelopmentTeam = 7RPFL7EXKD;
						ProvisioningStyle = Automatic;
					};
					4AC6BCC50D52F9F8F1DBC46A = {
						DevelopmentTeam = 7RPFL7EXKD;
						ProvisioningStyle = Automatic;
					};
					9EC5AD225E7E1A3EADD44940 = {
						DevelopmentTeam = 7RPFL7EXKD;
						ProvisioningStyle = Automatic;
						TestTargetID = 4AC6BCC50D52F9F8F1DBC46A;
					};
					D379E9181F862D3CD75B29D2 = {
						DevelopmentTeam = 7RPFL7EXKD;
						ProvisioningStyle = Automatic;
					};
				};
			};
			buildConfigurationList = 48DF5BA17DA312DA5D44CA38 /* Build configuration list for PBXProject "TodoList_SwiftUI" */;
			compatibilityVersion = "Xcode 11.0";
			developmentRegion = en;
			hasScannedForEncodings = 0;
			knownRegions = (
				Base,
				en,
				ja,
			);
			mainGroup = C370D4CDECD848DD3D395650;
			packageReferences = (
				D7A6515E7660D07FC060F6F6 /* XCRemoteSwiftPackageReference "realm-swift" */,
				76F68024FDBA28E7AC4B2D9A /* XCRemoteSwiftPackageReference "XcodeGen" */,
			);
			productRefGroup = ED9739C0A103342CB0298575 /* Products */;
			projectDirPath = "";
			projectRoot = "";
			targets = (
				4AC6BCC50D52F9F8F1DBC46A /* TodoList_SwiftUI */,
				D379E9181F862D3CD75B29D2 /* TodoList_Tests */,
				9EC5AD225E7E1A3EADD44940 /* TodoList_UITests */,
				467516513D53AB0C0230AB39 /* TodoWidgetExtension */,
			);
		};
/* End PBXProject section */

/* Begin PBXResourcesBuildPhase section */
		64FE07A78B37B16FA34BE37C /* Resources */ = {
			isa = PBXResourcesBuildPhase;
			buildActionMask = 2147483647;
			files = (
				17B47BAB788978F895866158 /* Assets.xcassets in Resources */,
				E909DAFFB062C438422046A0 /* Label.strings in Resources */,
			);
			runOnlyForDeploymentPostprocessing = 0;
		};
		CA506318C7A30FFA465EF233 /* Resources */ = {
			isa = PBXResourcesBuildPhase;
			buildActionMask = 2147483647;
			files = (
				B77AF55112EF27F169CC6E53 /* AccessibilityText.strings in Resources */,
				BFA3A688ECC920285F96CEDB /* Assets.xcassets in Resources */,
				40A54662380B154B4014148A /* LaunchScreen.storyboard in Resources */,
				2381C5FE2575D819D68A5DE5 /* Message.strings in Resources */,
				E6717F2BA89786F86AE64B42 /* Notifications.strings in Resources */,
				23ABCB2966EB049BE8417AF6 /* Preview Assets.xcassets in Resources */,
				9FC0D5A86017A9431C27353C /* labels.strings in Resources */,
			);
			runOnlyForDeploymentPostprocessing = 0;
		};
/* End PBXResourcesBuildPhase section */

/* Begin PBXShellScriptBuildPhase section */
		B6A6508098C3457B29EBC68A /* [CP] Embed Pods Frameworks */ = {
			isa = PBXShellScriptBuildPhase;
			buildActionMask = 2147483647;
			files = (
			);
			inputFileListPaths = (
				"${PODS_ROOT}/Target Support Files/Pods-TodoList_SwiftUI/Pods-TodoList_SwiftUI-frameworks-${CONFIGURATION}-input-files.xcfilelist",
			);
			name = "[CP] Embed Pods Frameworks";
			outputFileListPaths = (
				"${PODS_ROOT}/Target Support Files/Pods-TodoList_SwiftUI/Pods-TodoList_SwiftUI-frameworks-${CONFIGURATION}-output-files.xcfilelist",
			);
			runOnlyForDeploymentPostprocessing = 0;
			shellPath = /bin/sh;
			shellScript = "\"${PODS_ROOT}/Target Support Files/Pods-TodoList_SwiftUI/Pods-TodoList_SwiftUI-frameworks.sh\"\n";
			showEnvVarsInLog = 0;
		};
		C343EAF57ED6E327DE987871 /* [CP] Check Pods Manifest.lock */ = {
			isa = PBXShellScriptBuildPhase;
			buildActionMask = 2147483647;
			files = (
			);
			inputFileListPaths = (
			);
			inputPaths = (
				"${PODS_PODFILE_DIR_PATH}/Podfile.lock",
				"${PODS_ROOT}/Manifest.lock",
			);
			name = "[CP] Check Pods Manifest.lock";
			outputFileListPaths = (
			);
			outputPaths = (
				"$(DERIVED_FILE_DIR)/Pods-TodoList_SwiftUI-checkManifestLockResult.txt",
			);
			runOnlyForDeploymentPostprocessing = 0;
			shellPath = /bin/sh;
			shellScript = "diff \"${PODS_PODFILE_DIR_PATH}/Podfile.lock\" \"${PODS_ROOT}/Manifest.lock\" > /dev/null\nif [ $? != 0 ] ; then\n    # print error to STDERR\n    echo \"error: The sandbox is not in sync with the Podfile.lock. Run 'pod install' or update your CocoaPods installation.\" >&2\n    exit 1\nfi\n# This output is used by Xcode 'outputs' to avoid re-running this script phase.\necho \"SUCCESS\" > \"${SCRIPT_OUTPUT_FILE_0}\"\n";
			showEnvVarsInLog = 0;
		};
		EB99DDFD013F752D07AF094B /* Run R.swift */ = {
			isa = PBXShellScriptBuildPhase;
			buildActionMask = 2147483647;
			files = (
			);
			inputFileListPaths = (
			);
			inputPaths = (
			);
			name = "Run R.swift";
			outputFileListPaths = (
			);
			outputPaths = (
				"$SRCROOT/$TARGET_NAME/Generated/R.generated.swift",
			);
			runOnlyForDeploymentPostprocessing = 0;
			shellPath = /bin/sh;
			shellScript = "\"$PODS_ROOT/R.swift/rswift\" generate \"$SRCROOT/$TARGET_NAME/Generated/R.generated.swift\"\n";
		};
/* End PBXShellScriptBuildPhase section */

/* Begin PBXSourcesBuildPhase section */
		9D25F380A12CAF3D28096664 /* Sources */ = {
			isa = PBXSourcesBuildPhase;
			buildActionMask = 2147483647;
			files = (
				D755AE83E5F55FF605C88B25 /* CompletionFlag.swift in Sources */,
				4AC79EF92AF558ED5277BB7E /* Errors.swift in Sources */,
				7FB7ACB4993F4A66F268CC79 /* Format.swift in Sources */,
				997564B0891E3721A4D197FC /* NotificationManager.swift in Sources */,
				207B4900A5D29D30A301FAE1 /* ToDoModel.swift in Sources */,
				54E786D13E5B99A7DDC02B96 /* TodoWidget.intentdefinition in Sources */,
				8EC9B8BFBFAE09D80E453B6E /* TodoWidget.swift in Sources */,
				BBD97D7D0098DC664F8E3C6A /* UserDefaultsExtensions.swift in Sources */,
			);
			runOnlyForDeploymentPostprocessing = 0;
		};
		BB5AFA65D32BA67E346CE6D6 /* Sources */ = {
			isa = PBXSourcesBuildPhase;
			buildActionMask = 2147483647;
			files = (
				B13D46206C32D7139F550298 /* TodoList_UITests.swift in Sources */,
			);
			runOnlyForDeploymentPostprocessing = 0;
		};
		D739F170899B0F9B2A212C69 /* Sources */ = {
			isa = PBXSourcesBuildPhase;
			buildActionMask = 2147483647;
			files = (
				8193C238672A8D074D8BAA58 /* AppDelegate.swift in Sources */,
				7F3949A87F5113BC44AEE0A4 /* ColorExtension.swift in Sources */,
				969DDFDAFD14A006A415D78D /* CompletionFlag.swift in Sources */,
				A6A445BAC6D83B0F136A7171 /* CompletionLabel.swift in Sources */,
				618D14C1CDB3EB08AD3C2D27 /* Errors.swift in Sources */,
				FB4790ABF0D23109045DB03D /* Format.swift in Sources */,
				F9844B3033662E3A403829A6 /* InputViewModel.swift in Sources */,
				9E316B18A5D6E7E012A85093 /* NotificationManager.swift in Sources */,
				136678E286A4E04198530CAC /* OpenTodoManager.swift in Sources */,
				68152E234B28196B057F59C3 /* R.generated.swift in Sources */,
				199CD7AB8736002042DB1723 /* SceneDelegate.swift in Sources */,
				62FB8F854102411338A8862C /* ToDoDetailView.swift in Sources */,
				A3C4F1408FD9BA876F98165C /* ToDoDetailViewModel.swift in Sources */,
				003DEFDF1EAB48FC0BC24B98 /* ToDoInputView.swift in Sources */,
				C55495747D6D60B9C5DA53E6 /* ToDoListView.swift in Sources */,
				8D01B488C6AA5FB2BF9C949C /* ToDoModel.swift in Sources */,
				AB88EF26E298F3AACAB28E65 /* ToDoRow.swift in Sources */,
				B7AC84BD703CE97F1BCC1389 /* ToDoViewModel.swift in Sources */,
				98D79F7F75140BB14CBA6EB0 /* TodoWidget.intentdefinition in Sources */,
				BDD266186C8FBC12EC629171 /* UserDefaultsExtensions.swift in Sources */,
			);
			runOnlyForDeploymentPostprocessing = 0;
		};
		EA0D680FF8BAA26E0183D7A3 /* Sources */ = {
			isa = PBXSourcesBuildPhase;
			buildActionMask = 2147483647;
			files = (
				AF5B7C92B9559BA14D9AEFE7 /* NotificationManagerTests.swift in Sources */,
				F04583B40B29FDE53C037AD6 /* TodoDetailViewModelTest.swift in Sources */,
				A5A899ABB3AF3133950032F8 /* TodoList_Tests.swift in Sources */,
			);
			runOnlyForDeploymentPostprocessing = 0;
		};
/* End PBXSourcesBuildPhase section */

/* Begin PBXTargetDependency section */
		17018A9B3980FE7F835A8A6B /* PBXTargetDependency */ = {
			isa = PBXTargetDependency;
			target = 4AC6BCC50D52F9F8F1DBC46A /* TodoList_SwiftUI */;
			targetProxy = 24FBDB7C43374105E1EA0D69 /* PBXContainerItemProxy */;
		};
		8BB9E5BD1736CE0F15BD5A7E /* PBXTargetDependency */ = {
			isa = PBXTargetDependency;
			target = 467516513D53AB0C0230AB39 /* TodoWidgetExtension */;
			targetProxy = FC9BAA28168B6301C853434F /* PBXContainerItemProxy */;
		};
		B798FB5C51420261AF35A0C7 /* PBXTargetDependency */ = {
			isa = PBXTargetDependency;
			target = 4AC6BCC50D52F9F8F1DBC46A /* TodoList_SwiftUI */;
			targetProxy = 4C2FCF5A9E31C2C3DF970FD0 /* PBXContainerItemProxy */;
		};
/* End PBXTargetDependency section */

/* Begin PBXVariantGroup section */
		829A1F3D5004FF6AF9F5BB72 /* Message.strings */ = {
			isa = PBXVariantGroup;
			children = (
				F5955B0BC4FD3FC05E4CF94F /* en */,
				D9E9525BA2492E10FE5FDA39 /* ja */,
			);
			name = Message.strings;
			sourceTree = "<group>";
		};
		9EBD2E2216E58C534E270ABF /* LaunchScreen.storyboard */ = {
			isa = PBXVariantGroup;
			children = (
				40EDFB2E8192AE99C9C6D51C /* Base */,
				1E9C172ED4778FFB1F750AB0 /* ja */,
			);
			name = LaunchScreen.storyboard;
			sourceTree = "<group>";
		};
		ADF419A47BA8A054EF559062 /* AccessibilityText.strings */ = {
			isa = PBXVariantGroup;
			children = (
				6EA49D6CA5AB255361590B19 /* en */,
				14E408EAC64229C76FED46DE /* ja */,
			);
			name = AccessibilityText.strings;
			sourceTree = "<group>";
		};
		B6A0F597B3D09B88D35BF727 /* labels.strings */ = {
			isa = PBXVariantGroup;
			children = (
				6B064E1CDCF19DFE044EAD6B /* en */,
				4B866528ACA54F1F3F9D2A13 /* ja */,
			);
			name = labels.strings;
			sourceTree = "<group>";
		};
		CDE273B8ABBB039510503D22 /* Label.strings */ = {
			isa = PBXVariantGroup;
			children = (
				61DC3AD0BDFB73689BCEA0C1 /* en */,
				1747ADCAECF0025C6F54D0DB /* ja */,
			);
			name = Label.strings;
			sourceTree = "<group>";
		};
		D4BFBE2F36448E310C4FB07B /* Notifications.strings */ = {
			isa = PBXVariantGroup;
			children = (
				0DF79A6FCA9674798B8AC505 /* en */,
				AA6EB2810DE2D5FD5B9F45B0 /* ja */,
			);
			name = Notifications.strings;
			sourceTree = "<group>";
		};
/* End PBXVariantGroup section */

/* Begin XCBuildConfiguration section */
		248F58528F006135B9CE2AA3 /* Debug */ = {
			isa = XCBuildConfiguration;
			buildSettings = {
				ALWAYS_EMBED_SWIFT_STANDARD_LIBRARIES = YES;
				BUNDLE_LOADER = "$(TEST_HOST)";
				CODE_SIGN_STYLE = Automatic;
				DEVELOPMENT_TEAM = 7RPFL7EXKD;
				INFOPLIST_FILE = TodoList_UITests/Info.plist;
				LD_RUNPATH_SEARCH_PATHS = (
					"$(inherited)",
					"@executable_path/Frameworks",
					"@loader_path/Frameworks",
				);
				PRODUCT_BUNDLE_IDENTIFIER = "m.dobashi.TodoList-UITests";
				PRODUCT_NAME = "$(TARGET_NAME)";
				SDKROOT = iphoneos;
				TARGETED_DEVICE_FAMILY = "1,2";
				TEST_TARGET_NAME = TodoList_SwiftUI;
			};
			name = Debug;
		};
		407A53323B83DAB357116ECD /* Debug */ = {
			isa = XCBuildConfiguration;
			buildSettings = {
				ALWAYS_EMBED_SWIFT_STANDARD_LIBRARIES = YES;
				BUNDLE_LOADER = "$(TEST_HOST)";
				CODE_SIGN_STYLE = Automatic;
				DEVELOPMENT_TEAM = 7RPFL7EXKD;
				INFOPLIST_FILE = TodoList_Tests/Info.plist;
				IPHONEOS_DEPLOYMENT_TARGET = 14.0;
				LD_RUNPATH_SEARCH_PATHS = (
					"$(inherited)",
					"@executable_path/Frameworks",
					"@loader_path/Frameworks",
				);
				PRODUCT_BUNDLE_IDENTIFIER = "m.dobashi.TodoList-Tests";
				PRODUCT_NAME = "$(TARGET_NAME)";
				SDKROOT = iphoneos;
				TARGETED_DEVICE_FAMILY = "1,2";
				TEST_HOST = "$(BUILT_PRODUCTS_DIR)/TodoList_SwiftUI.app/TodoList_SwiftUI";
			};
			name = Debug;
		};
		A19BFE2D97327AE3D68067F3 /* Release */ = {
			isa = XCBuildConfiguration;
			buildSettings = {
				ALWAYS_EMBED_SWIFT_STANDARD_LIBRARIES = YES;
				BUNDLE_LOADER = "$(TEST_HOST)";
				CODE_SIGN_STYLE = Automatic;
				DEVELOPMENT_TEAM = 7RPFL7EXKD;
				INFOPLIST_FILE = TodoList_Tests/Info.plist;
				IPHONEOS_DEPLOYMENT_TARGET = 14.0;
				LD_RUNPATH_SEARCH_PATHS = (
					"$(inherited)",
					"@executable_path/Frameworks",
					"@loader_path/Frameworks",
				);
				PRODUCT_BUNDLE_IDENTIFIER = "m.dobashi.TodoList-Tests";
				PRODUCT_NAME = "$(TARGET_NAME)";
				SDKROOT = iphoneos;
				TARGETED_DEVICE_FAMILY = "1,2";
				TEST_HOST = "$(BUILT_PRODUCTS_DIR)/TodoList_SwiftUI.app/TodoList_SwiftUI";
			};
			name = Release;
		};
		A40EF0889504F54046080675 /* Debug */ = {
			isa = XCBuildConfiguration;
			buildSettings = {
				ALWAYS_SEARCH_USER_PATHS = NO;
				CLANG_ANALYZER_NONNULL = YES;
				CLANG_ANALYZER_NUMBER_OBJECT_CONVERSION = YES_AGGRESSIVE;
				CLANG_CXX_LANGUAGE_STANDARD = "gnu++14";
				CLANG_CXX_LIBRARY = "libc++";
				CLANG_ENABLE_MODULES = YES;
				CLANG_ENABLE_OBJC_ARC = YES;
				CLANG_ENABLE_OBJC_WEAK = YES;
				CLANG_WARN_BLOCK_CAPTURE_AUTORELEASING = YES;
				CLANG_WARN_BOOL_CONVERSION = YES;
				CLANG_WARN_COMMA = YES;
				CLANG_WARN_CONSTANT_CONVERSION = YES;
				CLANG_WARN_DEPRECATED_OBJC_IMPLEMENTATIONS = YES;
				CLANG_WARN_DIRECT_OBJC_ISA_USAGE = YES_ERROR;
				CLANG_WARN_DOCUMENTATION_COMMENTS = YES;
				CLANG_WARN_EMPTY_BODY = YES;
				CLANG_WARN_ENUM_CONVERSION = YES;
				CLANG_WARN_INFINITE_RECURSION = YES;
				CLANG_WARN_INT_CONVERSION = YES;
				CLANG_WARN_NON_LITERAL_NULL_CONVERSION = YES;
				CLANG_WARN_OBJC_IMPLICIT_RETAIN_SELF = YES;
				CLANG_WARN_OBJC_LITERAL_CONVERSION = YES;
				CLANG_WARN_OBJC_ROOT_CLASS = YES_ERROR;
				CLANG_WARN_QUOTED_INCLUDE_IN_FRAMEWORK_HEADER = YES;
				CLANG_WARN_RANGE_LOOP_ANALYSIS = YES;
				CLANG_WARN_STRICT_PROTOTYPES = YES;
				CLANG_WARN_SUSPICIOUS_MOVE = YES;
				CLANG_WARN_UNGUARDED_AVAILABILITY = YES_AGGRESSIVE;
				CLANG_WARN_UNREACHABLE_CODE = YES;
				CLANG_WARN__DUPLICATE_METHOD_MATCH = YES;
				COPY_PHASE_STRIP = NO;
				DEBUG_INFORMATION_FORMAT = dwarf;
				ENABLE_STRICT_OBJC_MSGSEND = YES;
				ENABLE_TESTABILITY = YES;
				GCC_C_LANGUAGE_STANDARD = gnu11;
				GCC_DYNAMIC_NO_PIC = NO;
				GCC_NO_COMMON_BLOCKS = YES;
				GCC_OPTIMIZATION_LEVEL = 0;
				GCC_PREPROCESSOR_DEFINITIONS = (
					"$(inherited)",
					"DEBUG=1",
				);
				GCC_WARN_64_TO_32_BIT_CONVERSION = YES;
				GCC_WARN_ABOUT_RETURN_TYPE = YES_ERROR;
				GCC_WARN_UNDECLARED_SELECTOR = YES;
				GCC_WARN_UNINITIALIZED_AUTOS = YES_AGGRESSIVE;
				GCC_WARN_UNUSED_FUNCTION = YES;
				GCC_WARN_UNUSED_VARIABLE = YES;
				MTL_ENABLE_DEBUG_INFO = INCLUDE_SOURCE;
				MTL_FAST_MATH = YES;
				ONLY_ACTIVE_ARCH = YES;
				PRODUCT_NAME = "$(TARGET_NAME)";
				SDKROOT = iphoneos;
				SWIFT_ACTIVE_COMPILATION_CONDITIONS = DEBUG;
				SWIFT_OPTIMIZATION_LEVEL = "-Onone";
				SWIFT_VERSION = 5.0;
			};
			name = Debug;
		};
		B70C3FFF05DE8E049E11668B /* Release */ = {
			isa = XCBuildConfiguration;
			baseConfigurationReference = FF5B694E388509C8D073FB1D /* Pods-TodoList_SwiftUI.release.xcconfig */;
			buildSettings = {
				ALWAYS_EMBED_SWIFT_STANDARD_LIBRARIES = YES;
				ASSETCATALOG_COMPILER_APPICON_NAME = AppIcon;
				CODE_SIGN_ENTITLEMENTS = TodoList_SwiftUI/TodoList_SwiftUI.entitlements;
				CODE_SIGN_IDENTITY = "iPhone Developer";
				CODE_SIGN_STYLE = Automatic;
				CURRENT_PROJECT_VERSIO = 1;
				DEVELOPMENT_ASSET_PATHS = "\"TodoList_SwiftUI/Preview Content\"";
				DEVELOPMENT_TEAM = 7RPFL7EXKD;
				ENABLE_PREVIEWS = YES;
				INFOPLIST_FILE = TodoList_SwiftUI/Info.plist;
				IPHONEOS_DEPLOYMENT_TARGET = 14.0;
				LD_RUNPATH_SEARCH_PATHS = (
					"$(inherited)",
					"@executable_path/Frameworks",
				);
				MARKETING_VERSION = 1.6.0;
				PRODUCT_BUNDLE_IDENTIFIER = "m.dobashi.TodoList-SwiftUI";
				PRODUCT_NAME = "$(TARGET_NAME)";
				SDKROOT = iphoneos;
				TARGETED_DEVICE_FAMILY = "1,2";
			};
			name = Release;
		};
		E71FA08728B02D58E9DA6351 /* Release */ = {
			isa = XCBuildConfiguration;
			buildSettings = {
				ASSETCATALOG_COMPILER_GLOBAL_ACCENT_COLOR_NAME = AccentColor;
				ASSETCATALOG_COMPILER_WIDGET_BACKGROUND_COLOR_NAME = WidgetBackground;
				CODE_SIGN_ENTITLEMENTS = TodoList_SwiftUI/TodoList_SwiftUI.entitlements;
				CODE_SIGN_STYLE = Automatic;
				CURRENT_PROJECT_VERSIO = 1;
				DEVELOPMENT_TEAM = 7RPFL7EXKD;
				INFOPLIST_FILE = TodoWidget/Info.plist;
				LD_RUNPATH_SEARCH_PATHS = (
					"$(inherited)",
					"@executable_path/Frameworks",
					"@executable_path/../../Frameworks",
				);
				MARKETING_VERSION = 1.6.0;
				PRODUCT_BUNDLE_IDENTIFIER = "m.dobashi.TodoList-SwiftUI.TodoWidget";
				PRODUCT_NAME = "$(TARGET_NAME)";
				SDKROOT = iphoneos;
				SKIP_INSTALL = YES;
				TARGETED_DEVICE_FAMILY = "1,2";
			};
			name = Release;
		};
		F48299F1A08CEB08B1EF03EA /* Release */ = {
			isa = XCBuildConfiguration;
			buildSettings = {
				ALWAYS_SEARCH_USER_PATHS = NO;
				CLANG_ANALYZER_NONNULL = YES;
				CLANG_ANALYZER_NUMBER_OBJECT_CONVERSION = YES_AGGRESSIVE;
				CLANG_CXX_LANGUAGE_STANDARD = "gnu++14";
				CLANG_CXX_LIBRARY = "libc++";
				CLANG_ENABLE_MODULES = YES;
				CLANG_ENABLE_OBJC_ARC = YES;
				CLANG_ENABLE_OBJC_WEAK = YES;
				CLANG_WARN_BLOCK_CAPTURE_AUTORELEASING = YES;
				CLANG_WARN_BOOL_CONVERSION = YES;
				CLANG_WARN_COMMA = YES;
				CLANG_WARN_CONSTANT_CONVERSION = YES;
				CLANG_WARN_DEPRECATED_OBJC_IMPLEMENTATIONS = YES;
				CLANG_WARN_DIRECT_OBJC_ISA_USAGE = YES_ERROR;
				CLANG_WARN_DOCUMENTATION_COMMENTS = YES;
				CLANG_WARN_EMPTY_BODY = YES;
				CLANG_WARN_ENUM_CONVERSION = YES;
				CLANG_WARN_INFINITE_RECURSION = YES;
				CLANG_WARN_INT_CONVERSION = YES;
				CLANG_WARN_NON_LITERAL_NULL_CONVERSION = YES;
				CLANG_WARN_OBJC_IMPLICIT_RETAIN_SELF = YES;
				CLANG_WARN_OBJC_LITERAL_CONVERSION = YES;
				CLANG_WARN_OBJC_ROOT_CLASS = YES_ERROR;
				CLANG_WARN_QUOTED_INCLUDE_IN_FRAMEWORK_HEADER = YES;
				CLANG_WARN_RANGE_LOOP_ANALYSIS = YES;
				CLANG_WARN_STRICT_PROTOTYPES = YES;
				CLANG_WARN_SUSPICIOUS_MOVE = YES;
				CLANG_WARN_UNGUARDED_AVAILABILITY = YES_AGGRESSIVE;
				CLANG_WARN_UNREACHABLE_CODE = YES;
				CLANG_WARN__DUPLICATE_METHOD_MATCH = YES;
				COPY_PHASE_STRIP = NO;
				DEBUG_INFORMATION_FORMAT = "dwarf-with-dsym";
				ENABLE_NS_ASSERTIONS = NO;
				ENABLE_STRICT_OBJC_MSGSEND = YES;
				GCC_C_LANGUAGE_STANDARD = gnu11;
				GCC_NO_COMMON_BLOCKS = YES;
				GCC_WARN_64_TO_32_BIT_CONVERSION = YES;
				GCC_WARN_ABOUT_RETURN_TYPE = YES_ERROR;
				GCC_WARN_UNDECLARED_SELECTOR = YES;
				GCC_WARN_UNINITIALIZED_AUTOS = YES_AGGRESSIVE;
				GCC_WARN_UNUSED_FUNCTION = YES;
				GCC_WARN_UNUSED_VARIABLE = YES;
				MTL_ENABLE_DEBUG_INFO = NO;
				MTL_FAST_MATH = YES;
				PRODUCT_NAME = "$(TARGET_NAME)";
				SDKROOT = iphoneos;
				SWIFT_COMPILATION_MODE = wholemodule;
				SWIFT_OPTIMIZATION_LEVEL = "-O";
				SWIFT_VERSION = 5.0;
			};
			name = Release;
		};
		FA3A58E3EF1D2B5C5969B653 /* Debug */ = {
			isa = XCBuildConfiguration;
			buildSettings = {
				ASSETCATALOG_COMPILER_GLOBAL_ACCENT_COLOR_NAME = AccentColor;
				ASSETCATALOG_COMPILER_WIDGET_BACKGROUND_COLOR_NAME = WidgetBackground;
				CODE_SIGN_ENTITLEMENTS = TodoList_SwiftUI/TodoList_SwiftUI.entitlements;
				CODE_SIGN_STYLE = Automatic;
				CURRENT_PROJECT_VERSIO = 1;
				DEVELOPMENT_TEAM = 7RPFL7EXKD;
				INFOPLIST_FILE = TodoWidget/Info.plist;
				LD_RUNPATH_SEARCH_PATHS = (
					"$(inherited)",
					"@executable_path/Frameworks",
					"@executable_path/../../Frameworks",
				);
				MARKETING_VERSION = 1.6.0;
				PRODUCT_BUNDLE_IDENTIFIER = "m.dobashi.TodoList-SwiftUI.TodoWidget";
				PRODUCT_NAME = "$(TARGET_NAME)";
				SDKROOT = iphoneos;
				SKIP_INSTALL = YES;
				TARGETED_DEVICE_FAMILY = "1,2";
			};
			name = Debug;
		};
		FDD492EB476493FB88C5806C /* Release */ = {
			isa = XCBuildConfiguration;
			buildSettings = {
				ALWAYS_EMBED_SWIFT_STANDARD_LIBRARIES = YES;
				BUNDLE_LOADER = "$(TEST_HOST)";
				CODE_SIGN_STYLE = Automatic;
				DEVELOPMENT_TEAM = 7RPFL7EXKD;
				INFOPLIST_FILE = TodoList_UITests/Info.plist;
				LD_RUNPATH_SEARCH_PATHS = (
					"$(inherited)",
					"@executable_path/Frameworks",
					"@loader_path/Frameworks",
				);
				PRODUCT_BUNDLE_IDENTIFIER = "m.dobashi.TodoList-UITests";
				PRODUCT_NAME = "$(TARGET_NAME)";
				SDKROOT = iphoneos;
				TARGETED_DEVICE_FAMILY = "1,2";
				TEST_TARGET_NAME = TodoList_SwiftUI;
			};
			name = Release;
		};
		FE3EE030C970F10A9E4817BA /* Debug */ = {
			isa = XCBuildConfiguration;
			baseConfigurationReference = 787D9D9D260E62A731A5CE28 /* Pods-TodoList_SwiftUI.debug.xcconfig */;
			buildSettings = {
				ALWAYS_EMBED_SWIFT_STANDARD_LIBRARIES = YES;
				ASSETCATALOG_COMPILER_APPICON_NAME = AppIcon;
				CODE_SIGN_ENTITLEMENTS = TodoList_SwiftUI/TodoList_SwiftUI.entitlements;
				CODE_SIGN_IDENTITY = "iPhone Developer";
				CODE_SIGN_STYLE = Automatic;
				CURRENT_PROJECT_VERSIO = 1;
				DEVELOPMENT_ASSET_PATHS = "\"TodoList_SwiftUI/Preview Content\"";
				DEVELOPMENT_TEAM = 7RPFL7EXKD;
				ENABLE_PREVIEWS = YES;
				INFOPLIST_FILE = TodoList_SwiftUI/Info.plist;
				IPHONEOS_DEPLOYMENT_TARGET = 14.0;
				LD_RUNPATH_SEARCH_PATHS = (
					"$(inherited)",
					"@executable_path/Frameworks",
				);
				MARKETING_VERSION = 1.6.0;
				PRODUCT_BUNDLE_IDENTIFIER = "m.dobashi.TodoList-SwiftUI";
				PRODUCT_NAME = "$(TARGET_NAME)";
				SDKROOT = iphoneos;
				TARGETED_DEVICE_FAMILY = "1,2";
			};
			name = Debug;
		};
/* End XCBuildConfiguration section */

/* Begin XCConfigurationList section */
		104904E18D7A5B81D15CE91D /* Build configuration list for PBXNativeTarget "TodoList_UITests" */ = {
			isa = XCConfigurationList;
			buildConfigurations = (
				248F58528F006135B9CE2AA3 /* Debug */,
				FDD492EB476493FB88C5806C /* Release */,
			);
			defaultConfigurationIsVisible = 0;
			defaultConfigurationName = Debug;
		};
		232DA6055E8A7840945F86BF /* Build configuration list for PBXNativeTarget "TodoList_SwiftUI" */ = {
			isa = XCConfigurationList;
			buildConfigurations = (
				FE3EE030C970F10A9E4817BA /* Debug */,
				B70C3FFF05DE8E049E11668B /* Release */,
			);
			defaultConfigurationIsVisible = 0;
			defaultConfigurationName = Debug;
		};
		48DF5BA17DA312DA5D44CA38 /* Build configuration list for PBXProject "TodoList_SwiftUI" */ = {
			isa = XCConfigurationList;
			buildConfigurations = (
				A40EF0889504F54046080675 /* Debug */,
				F48299F1A08CEB08B1EF03EA /* Release */,
			);
			defaultConfigurationIsVisible = 0;
			defaultConfigurationName = Debug;
		};
		4BD40D8C21A09AB5E508A5EB /* Build configuration list for PBXNativeTarget "TodoWidgetExtension" */ = {
			isa = XCConfigurationList;
			buildConfigurations = (
				FA3A58E3EF1D2B5C5969B653 /* Debug */,
				E71FA08728B02D58E9DA6351 /* Release */,
			);
			defaultConfigurationIsVisible = 0;
			defaultConfigurationName = Debug;
		};
		8728FEEC2F6811611AC0265E /* Build configuration list for PBXNativeTarget "TodoList_Tests" */ = {
			isa = XCConfigurationList;
			buildConfigurations = (
				407A53323B83DAB357116ECD /* Debug */,
				A19BFE2D97327AE3D68067F3 /* Release */,
			);
			defaultConfigurationIsVisible = 0;
			defaultConfigurationName = Debug;
		};
/* End XCConfigurationList section */

/* Begin XCRemoteSwiftPackageReference section */
		76F68024FDBA28E7AC4B2D9A /* XCRemoteSwiftPackageReference "XcodeGen" */ = {
			isa = XCRemoteSwiftPackageReference;
			repositoryURL = "https://github.com/yonaskolb/XcodeGen";
			requirement = {
				kind = exactVersion;
				version = 2.29.0;
			};
		};
		D7A6515E7660D07FC060F6F6 /* XCRemoteSwiftPackageReference "realm-swift" */ = {
			isa = XCRemoteSwiftPackageReference;
			repositoryURL = "https://github.com/realm/realm-swift";
			requirement = {
				kind = exactVersion;
				version = 10.20.1;
			};
		};
/* End XCRemoteSwiftPackageReference section */

/* Begin XCSwiftPackageProductDependency section */
		01B4ACB688F331AA15D24042 /* RealmSwift */ = {
			isa = XCSwiftPackageProductDependency;
			package = D7A6515E7660D07FC060F6F6 /* XCRemoteSwiftPackageReference "realm-swift" */;
			productName = RealmSwift;
		};
		96021D827037785B873E65FA /* RealmSwift */ = {
			isa = XCSwiftPackageProductDependency;
			package = D7A6515E7660D07FC060F6F6 /* XCRemoteSwiftPackageReference "realm-swift" */;
			productName = RealmSwift;
		};
/* End XCSwiftPackageProductDependency section */
	};
	rootObject = 9F7BB6A6041644E649E8380E /* Project object */;
}
