// !$*UTF8*$!
{
	archiveVersion = 1;
	classes = {
	};
	objectVersion = 54;
	objects = {

/* Begin PBXBuildFile section */
		1A414AC01A5F799ABB5DF20B /* Pods_TodoList_SwiftUI.framework in Frameworks */ = {isa = PBXBuildFile; fileRef = 0E287EC0C56A849158E1C5B8 /* Pods_TodoList_SwiftUI.framework */; };
		6D6904E92782F77E008EA32D /* Label.strings in Resources */ = {isa = PBXBuildFile; fileRef = 6D7FB8C8277E135900BE8EC4 /* Label.strings */; };
		6D734CE6276ED9F0004A3EC2 /* Errors.swift in Sources */ = {isa = PBXBuildFile; fileRef = D06C910E25B48F8E007D6D08 /* Errors.swift */; };
		6D734CEA276EE45D004A3EC2 /* Message.strings in Resources */ = {isa = PBXBuildFile; fileRef = 6D734CED276EE45D004A3EC2 /* Message.strings */; };
		6D734CEB276EE45D004A3EC2 /* Message.strings in Resources */ = {isa = PBXBuildFile; fileRef = 6D734CED276EE45D004A3EC2 /* Message.strings */; };
		6D7368F027D655BA00D100FB /* ColorExtension.swift in Sources */ = {isa = PBXBuildFile; fileRef = 6D7368EF27D655BA00D100FB /* ColorExtension.swift */; };
		6D90BC172782BFC700620E4F /* CompletionLabel.swift in Sources */ = {isa = PBXBuildFile; fileRef = 6D90BC162782BFC700620E4F /* CompletionLabel.swift */; };
		6DE5CDF5277214440031FB39 /* AccessibilityText.strings in Resources */ = {isa = PBXBuildFile; fileRef = 6DE5CDF8277214440031FB39 /* AccessibilityText.strings */; };
		6DE5CDF6277214440031FB39 /* AccessibilityText.strings in Resources */ = {isa = PBXBuildFile; fileRef = 6DE5CDF8277214440031FB39 /* AccessibilityText.strings */; };
		6DFF5AEC276DF4BA00BA43B7 /* Realm in Frameworks */ = {isa = PBXBuildFile; productRef = 6DFF5AEB276DF4BA00BA43B7 /* Realm */; };
		6DFF5AEE276DF4BA00BA43B7 /* RealmSwift in Frameworks */ = {isa = PBXBuildFile; productRef = 6DFF5AED276DF4BA00BA43B7 /* RealmSwift */; };
		6DFF5AF0276DF4EE00BA43B7 /* Realm in Frameworks */ = {isa = PBXBuildFile; productRef = 6DFF5AEF276DF4EE00BA43B7 /* Realm */; };
		6DFF5AF2276DF4EE00BA43B7 /* RealmSwift in Frameworks */ = {isa = PBXBuildFile; productRef = 6DFF5AF1276DF4EE00BA43B7 /* RealmSwift */; };
		D00B1E012487AF790034FB25 /* Format.swift in Sources */ = {isa = PBXBuildFile; fileRef = D00B1E002487AF790034FB25 /* Format.swift */; };
		D01178C525B433FF0071E101 /* InputViewModel.swift in Sources */ = {isa = PBXBuildFile; fileRef = D01178C425B433FF0071E101 /* InputViewModel.swift */; };
		D011ACCB2576819E0007C7D3 /* WidgetKit.framework in Frameworks */ = {isa = PBXBuildFile; fileRef = D011ACCA2576819D0007C7D3 /* WidgetKit.framework */; };
		D011ACCD2576819E0007C7D3 /* SwiftUI.framework in Frameworks */ = {isa = PBXBuildFile; fileRef = D011ACCC2576819E0007C7D3 /* SwiftUI.framework */; };
		D011ACD02576819E0007C7D3 /* TodoWidget.swift in Sources */ = {isa = PBXBuildFile; fileRef = D011ACCF2576819E0007C7D3 /* TodoWidget.swift */; };
		D011ACD3257681A00007C7D3 /* Assets.xcassets in Resources */ = {isa = PBXBuildFile; fileRef = D011ACD2257681A00007C7D3 /* Assets.xcassets */; };
		D011ACD5257681A00007C7D3 /* TodoWidget.intentdefinition in Sources */ = {isa = PBXBuildFile; fileRef = D011ACD12576819E0007C7D3 /* TodoWidget.intentdefinition */; };
		D011ACD6257681A00007C7D3 /* TodoWidget.intentdefinition in Sources */ = {isa = PBXBuildFile; fileRef = D011ACD12576819E0007C7D3 /* TodoWidget.intentdefinition */; };
		D011ACD9257681A00007C7D3 /* TodoWidgetExtension.appex in Embed App Extensions */ = {isa = PBXBuildFile; fileRef = D011ACC92576819D0007C7D3 /* TodoWidgetExtension.appex */; settings = {ATTRIBUTES = (RemoveHeadersOnCopy, ); }; };
		D011ACE22576830D0007C7D3 /* ToDoModel.swift in Sources */ = {isa = PBXBuildFile; fileRef = D02D0FCC24701E0000FC1D4F /* ToDoModel.swift */; };
		D01E4B3F259C9DF8006D58B5 /* UserDefaultsExtensions.swift in Sources */ = {isa = PBXBuildFile; fileRef = D01E4B3E259C9DF8006D58B5 /* UserDefaultsExtensions.swift */; };
		D01E4B48259C9F84006D58B5 /* UserDefaultsExtensions.swift in Sources */ = {isa = PBXBuildFile; fileRef = D01E4B3E259C9DF8006D58B5 /* UserDefaultsExtensions.swift */; };
		D020DDE725BDC2DF002DAC37 /* CompletionFlag.swift in Sources */ = {isa = PBXBuildFile; fileRef = D020DDE625BDC2DF002DAC37 /* CompletionFlag.swift */; };
		D020DDEC25BDC3E4002DAC37 /* CompletionFlag.swift in Sources */ = {isa = PBXBuildFile; fileRef = D020DDE625BDC2DF002DAC37 /* CompletionFlag.swift */; };
		D023319226A983C400BE51BE /* TodoDetailViewModelTest.swift in Sources */ = {isa = PBXBuildFile; fileRef = D023319126A983C400BE51BE /* TodoDetailViewModelTest.swift */; };
		D02D0FCD24701E0000FC1D4F /* ToDoModel.swift in Sources */ = {isa = PBXBuildFile; fileRef = D02D0FCC24701E0000FC1D4F /* ToDoModel.swift */; };
		D02D0FD024701E4800FC1D4F /* ToDoRow.swift in Sources */ = {isa = PBXBuildFile; fileRef = D02D0FCF24701E4800FC1D4F /* ToDoRow.swift */; };
		D02DDC252495BD5C00AE1F0B /* NotificationManager.swift in Sources */ = {isa = PBXBuildFile; fileRef = D02DDC242495BD5C00AE1F0B /* NotificationManager.swift */; };
		D02DDC272495D27500AE1F0B /* NotificationManagerTests.swift in Sources */ = {isa = PBXBuildFile; fileRef = D02DDC262495D27500AE1F0B /* NotificationManagerTests.swift */; };
		D04FBD89268855DB00BBBE4A /* ToDoDetailViewModel.swift in Sources */ = {isa = PBXBuildFile; fileRef = D04FBD88268855DB00BBBE4A /* ToDoDetailViewModel.swift */; };
		D04FF8D225C05F6D00391290 /* labels.strings in Resources */ = {isa = PBXBuildFile; fileRef = D04FF8D425C05F6D00391290 /* labels.strings */; };
		D059FAAD2470C7FF00737532 /* ToDoInputView.swift in Sources */ = {isa = PBXBuildFile; fileRef = D059FAAC2470C7FF00737532 /* ToDoInputView.swift */; };
		D066E6A024701B0B007FA3DB /* AppDelegate.swift in Sources */ = {isa = PBXBuildFile; fileRef = D066E69F24701B0B007FA3DB /* AppDelegate.swift */; };
		D066E6A224701B0B007FA3DB /* SceneDelegate.swift in Sources */ = {isa = PBXBuildFile; fileRef = D066E6A124701B0B007FA3DB /* SceneDelegate.swift */; };
		D066E6A424701B0B007FA3DB /* ToDoListView.swift in Sources */ = {isa = PBXBuildFile; fileRef = D066E6A324701B0B007FA3DB /* ToDoListView.swift */; };
		D066E6A624701B0F007FA3DB /* Assets.xcassets in Resources */ = {isa = PBXBuildFile; fileRef = D066E6A524701B0F007FA3DB /* Assets.xcassets */; };
		D066E6A924701B0F007FA3DB /* Preview Assets.xcassets in Resources */ = {isa = PBXBuildFile; fileRef = D066E6A824701B0F007FA3DB /* Preview Assets.xcassets */; };
		D066E6AC24701B0F007FA3DB /* LaunchScreen.storyboard in Resources */ = {isa = PBXBuildFile; fileRef = D066E6AA24701B0F007FA3DB /* LaunchScreen.storyboard */; };
		D066E6B724701B10007FA3DB /* TodoList_Tests.swift in Sources */ = {isa = PBXBuildFile; fileRef = D066E6B624701B10007FA3DB /* TodoList_Tests.swift */; };
		D066E6C224701B10007FA3DB /* TodoList_UITests.swift in Sources */ = {isa = PBXBuildFile; fileRef = D066E6C124701B10007FA3DB /* TodoList_UITests.swift */; };
		D06C910F25B48F8E007D6D08 /* Errors.swift in Sources */ = {isa = PBXBuildFile; fileRef = D06C910E25B48F8E007D6D08 /* Errors.swift */; };
		D0750DC924769BD500BAB0C9 /* ToDoDetailView.swift in Sources */ = {isa = PBXBuildFile; fileRef = D0750DC824769BD500BAB0C9 /* ToDoDetailView.swift */; };
		D0BD8D4725728415009BCA97 /* R.generated.swift in Sources */ = {isa = PBXBuildFile; fileRef = D0BD8D4625728415009BCA97 /* R.generated.swift */; };
		D0C2F4E3259A0482008C6FE3 /* OpenTodoManager.swift in Sources */ = {isa = PBXBuildFile; fileRef = D0C2F4E2259A0482008C6FE3 /* OpenTodoManager.swift */; };
		D0C2F4EE259A056F008C6FE3 /* Notifications.strings in Resources */ = {isa = PBXBuildFile; fileRef = D0C2F4F0259A056F008C6FE3 /* Notifications.strings */; };
		D0CB6D052518BFEC0049D10B /* ToDoViewModel.swift in Sources */ = {isa = PBXBuildFile; fileRef = D0CB6D042518BFEC0049D10B /* ToDoViewModel.swift */; };
		D0DBE0582576866A00CF9F01 /* NotificationManager.swift in Sources */ = {isa = PBXBuildFile; fileRef = D02DDC242495BD5C00AE1F0B /* NotificationManager.swift */; };
		D0DBE0592576866A00CF9F01 /* Format.swift in Sources */ = {isa = PBXBuildFile; fileRef = D00B1E002487AF790034FB25 /* Format.swift */; };
/* End PBXBuildFile section */

/* Begin PBXContainerItemProxy section */
		D011ACD7257681A00007C7D3 /* PBXContainerItemProxy */ = {
			isa = PBXContainerItemProxy;
			containerPortal = D066E69424701B0B007FA3DB /* Project object */;
			proxyType = 1;
			remoteGlobalIDString = D011ACC82576819D0007C7D3;
			remoteInfo = TodoWidgetExtension;
		};
		D066E6B324701B10007FA3DB /* PBXContainerItemProxy */ = {
			isa = PBXContainerItemProxy;
			containerPortal = D066E69424701B0B007FA3DB /* Project object */;
			proxyType = 1;
			remoteGlobalIDString = D066E69B24701B0B007FA3DB;
			remoteInfo = TodoList_SwiftUI;
		};
		D066E6BE24701B10007FA3DB /* PBXContainerItemProxy */ = {
			isa = PBXContainerItemProxy;
			containerPortal = D066E69424701B0B007FA3DB /* Project object */;
			proxyType = 1;
			remoteGlobalIDString = D066E69B24701B0B007FA3DB;
			remoteInfo = TodoList_SwiftUI;
		};
/* End PBXContainerItemProxy section */

/* Begin PBXCopyFilesBuildPhase section */
		D011ACDA257681A00007C7D3 /* Embed App Extensions */ = {
			isa = PBXCopyFilesBuildPhase;
			buildActionMask = 2147483647;
			dstPath = "";
			dstSubfolderSpec = 13;
			files = (
				D011ACD9257681A00007C7D3 /* TodoWidgetExtension.appex in Embed App Extensions */,
			);
			name = "Embed App Extensions";
			runOnlyForDeploymentPostprocessing = 0;
		};
/* End PBXCopyFilesBuildPhase section */

/* Begin PBXFileReference section */
		0E287EC0C56A849158E1C5B8 /* Pods_TodoList_SwiftUI.framework */ = {isa = PBXFileReference; explicitFileType = wrapper.framework; includeInIndex = 0; path = Pods_TodoList_SwiftUI.framework; sourceTree = BUILT_PRODUCTS_DIR; };
		20895C79C2BC0B9DF8FCD7CC /* Pods-TodoList_SwiftUITests.debug.xcconfig */ = {isa = PBXFileReference; includeInIndex = 1; lastKnownFileType = text.xcconfig; name = "Pods-TodoList_SwiftUITests.debug.xcconfig"; path = "Target Support Files/Pods-TodoList_SwiftUITests/Pods-TodoList_SwiftUITests.debug.xcconfig"; sourceTree = "<group>"; };
		550DD561A2DCF81CABA625AE /* Pods-TodoList_SwiftUI-TodoList_SwiftUIUITests.debug.xcconfig */ = {isa = PBXFileReference; includeInIndex = 1; lastKnownFileType = text.xcconfig; name = "Pods-TodoList_SwiftUI-TodoList_SwiftUIUITests.debug.xcconfig"; path = "Target Support Files/Pods-TodoList_SwiftUI-TodoList_SwiftUIUITests/Pods-TodoList_SwiftUI-TodoList_SwiftUIUITests.debug.xcconfig"; sourceTree = "<group>"; };
		5F9156AAA989BE2FEE3C6FA7 /* Pods-TodoList_SwiftUI.debug.xcconfig */ = {isa = PBXFileReference; includeInIndex = 1; lastKnownFileType = text.xcconfig; name = "Pods-TodoList_SwiftUI.debug.xcconfig"; path = "Target Support Files/Pods-TodoList_SwiftUI/Pods-TodoList_SwiftUI.debug.xcconfig"; sourceTree = "<group>"; };
		6D734CEC276EE45D004A3EC2 /* en */ = {isa = PBXFileReference; lastKnownFileType = text.plist.strings; name = en; path = en.lproj/Message.strings; sourceTree = "<group>"; };
		6D7368EF27D655BA00D100FB /* ColorExtension.swift */ = {isa = PBXFileReference; lastKnownFileType = sourcecode.swift; path = ColorExtension.swift; sourceTree = "<group>"; };
		6D7FB8C7277E135900BE8EC4 /* en */ = {isa = PBXFileReference; lastKnownFileType = text.plist.strings; name = en; path = en.lproj/Label.strings; sourceTree = "<group>"; };
		6D7FB8C9277E135B00BE8EC4 /* ja */ = {isa = PBXFileReference; lastKnownFileType = text.plist.strings; name = ja; path = ja.lproj/Label.strings; sourceTree = "<group>"; };
		6D90BC162782BFC700620E4F /* CompletionLabel.swift */ = {isa = PBXFileReference; lastKnownFileType = sourcecode.swift; path = CompletionLabel.swift; sourceTree = "<group>"; };
		6DE5CDEC27720C090031FB39 /* ja */ = {isa = PBXFileReference; lastKnownFileType = text.plist.strings; name = ja; path = ja.lproj/LaunchScreen.strings; sourceTree = "<group>"; };
		6DE5CDEE27720C0A0031FB39 /* ja */ = {isa = PBXFileReference; lastKnownFileType = text.plist.strings; name = ja; path = ja.lproj/Message.strings; sourceTree = "<group>"; };
		6DE5CDEF27720C0A0031FB39 /* ja */ = {isa = PBXFileReference; lastKnownFileType = text.plist.strings; name = ja; path = ja.lproj/labels.strings; sourceTree = "<group>"; };
		6DE5CDF7277214440031FB39 /* en */ = {isa = PBXFileReference; lastKnownFileType = text.plist.strings; name = en; path = en.lproj/AccessibilityText.strings; sourceTree = "<group>"; };
		6DE5CDF9277214460031FB39 /* ja */ = {isa = PBXFileReference; lastKnownFileType = text.plist.strings; name = ja; path = ja.lproj/AccessibilityText.strings; sourceTree = "<group>"; };
		87FB4DB141C3654B8514F443 /* Pods-TodoList_SwiftUI-TodoList_SwiftUIUITests.release.xcconfig */ = {isa = PBXFileReference; includeInIndex = 1; lastKnownFileType = text.xcconfig; name = "Pods-TodoList_SwiftUI-TodoList_SwiftUIUITests.release.xcconfig"; path = "Target Support Files/Pods-TodoList_SwiftUI-TodoList_SwiftUIUITests/Pods-TodoList_SwiftUI-TodoList_SwiftUIUITests.release.xcconfig"; sourceTree = "<group>"; };
		917BC2DC939C700B13F1246F /* Pods-TodoList_SwiftUI.release.xcconfig */ = {isa = PBXFileReference; includeInIndex = 1; lastKnownFileType = text.xcconfig; name = "Pods-TodoList_SwiftUI.release.xcconfig"; path = "Target Support Files/Pods-TodoList_SwiftUI/Pods-TodoList_SwiftUI.release.xcconfig"; sourceTree = "<group>"; };
		D00B1E002487AF790034FB25 /* Format.swift */ = {isa = PBXFileReference; lastKnownFileType = sourcecode.swift; path = Format.swift; sourceTree = "<group>"; };
		D01178C425B433FF0071E101 /* InputViewModel.swift */ = {isa = PBXFileReference; lastKnownFileType = sourcecode.swift; path = InputViewModel.swift; sourceTree = "<group>"; };
		D011ACC92576819D0007C7D3 /* TodoWidgetExtension.appex */ = {isa = PBXFileReference; explicitFileType = "wrapper.app-extension"; includeInIndex = 0; path = TodoWidgetExtension.appex; sourceTree = BUILT_PRODUCTS_DIR; };
		D011ACCA2576819D0007C7D3 /* WidgetKit.framework */ = {isa = PBXFileReference; lastKnownFileType = wrapper.framework; name = WidgetKit.framework; path = System/Library/Frameworks/WidgetKit.framework; sourceTree = SDKROOT; };
		D011ACCC2576819E0007C7D3 /* SwiftUI.framework */ = {isa = PBXFileReference; lastKnownFileType = wrapper.framework; name = SwiftUI.framework; path = System/Library/Frameworks/SwiftUI.framework; sourceTree = SDKROOT; };
		D011ACCF2576819E0007C7D3 /* TodoWidget.swift */ = {isa = PBXFileReference; lastKnownFileType = sourcecode.swift; path = TodoWidget.swift; sourceTree = "<group>"; };
		D011ACD12576819E0007C7D3 /* TodoWidget.intentdefinition */ = {isa = PBXFileReference; lastKnownFileType = file.intentdefinition; path = TodoWidget.intentdefinition; sourceTree = "<group>"; };
		D011ACD2257681A00007C7D3 /* Assets.xcassets */ = {isa = PBXFileReference; lastKnownFileType = folder.assetcatalog; path = Assets.xcassets; sourceTree = "<group>"; };
		D011ACD4257681A00007C7D3 /* Info.plist */ = {isa = PBXFileReference; lastKnownFileType = text.plist.xml; path = Info.plist; sourceTree = "<group>"; };
		D01E4B3E259C9DF8006D58B5 /* UserDefaultsExtensions.swift */ = {isa = PBXFileReference; lastKnownFileType = sourcecode.swift; path = UserDefaultsExtensions.swift; sourceTree = "<group>"; };
		D020DDE625BDC2DF002DAC37 /* CompletionFlag.swift */ = {isa = PBXFileReference; lastKnownFileType = sourcecode.swift; path = CompletionFlag.swift; sourceTree = "<group>"; };
		D023319126A983C400BE51BE /* TodoDetailViewModelTest.swift */ = {isa = PBXFileReference; lastKnownFileType = sourcecode.swift; path = TodoDetailViewModelTest.swift; sourceTree = "<group>"; };
		D02D0FCC24701E0000FC1D4F /* ToDoModel.swift */ = {isa = PBXFileReference; lastKnownFileType = sourcecode.swift; path = ToDoModel.swift; sourceTree = "<group>"; };
		D02D0FCF24701E4800FC1D4F /* ToDoRow.swift */ = {isa = PBXFileReference; lastKnownFileType = sourcecode.swift; path = ToDoRow.swift; sourceTree = "<group>"; };
		D02DDC242495BD5C00AE1F0B /* NotificationManager.swift */ = {isa = PBXFileReference; lastKnownFileType = sourcecode.swift; path = NotificationManager.swift; sourceTree = "<group>"; };
		D02DDC262495D27500AE1F0B /* NotificationManagerTests.swift */ = {isa = PBXFileReference; lastKnownFileType = sourcecode.swift; path = NotificationManagerTests.swift; sourceTree = "<group>"; };
		D04FBD88268855DB00BBBE4A /* ToDoDetailViewModel.swift */ = {isa = PBXFileReference; lastKnownFileType = sourcecode.swift; path = ToDoDetailViewModel.swift; sourceTree = "<group>"; };
		D04FF8D325C05F6D00391290 /* en */ = {isa = PBXFileReference; lastKnownFileType = text.plist.strings; name = en; path = en.lproj/labels.strings; sourceTree = "<group>"; };
		D059FAAC2470C7FF00737532 /* ToDoInputView.swift */ = {isa = PBXFileReference; lastKnownFileType = sourcecode.swift; path = ToDoInputView.swift; sourceTree = "<group>"; };
		D066E69C24701B0B007FA3DB /* TodoList_SwiftUI.app */ = {isa = PBXFileReference; explicitFileType = wrapper.application; includeInIndex = 0; path = TodoList_SwiftUI.app; sourceTree = BUILT_PRODUCTS_DIR; };
		D066E69F24701B0B007FA3DB /* AppDelegate.swift */ = {isa = PBXFileReference; lastKnownFileType = sourcecode.swift; path = AppDelegate.swift; sourceTree = "<group>"; };
		D066E6A124701B0B007FA3DB /* SceneDelegate.swift */ = {isa = PBXFileReference; lastKnownFileType = sourcecode.swift; path = SceneDelegate.swift; sourceTree = "<group>"; };
		D066E6A324701B0B007FA3DB /* ToDoListView.swift */ = {isa = PBXFileReference; lastKnownFileType = sourcecode.swift; path = ToDoListView.swift; sourceTree = "<group>"; };
		D066E6A524701B0F007FA3DB /* Assets.xcassets */ = {isa = PBXFileReference; lastKnownFileType = folder.assetcatalog; path = Assets.xcassets; sourceTree = "<group>"; };
		D066E6A824701B0F007FA3DB /* Preview Assets.xcassets */ = {isa = PBXFileReference; lastKnownFileType = folder.assetcatalog; path = "Preview Assets.xcassets"; sourceTree = "<group>"; };
		D066E6AB24701B0F007FA3DB /* Base */ = {isa = PBXFileReference; lastKnownFileType = file.storyboard; name = Base; path = Base.lproj/LaunchScreen.storyboard; sourceTree = "<group>"; };
		D066E6AD24701B0F007FA3DB /* Info.plist */ = {isa = PBXFileReference; lastKnownFileType = text.plist.xml; path = Info.plist; sourceTree = "<group>"; };
		D066E6B224701B10007FA3DB /* TodoList_Tests.xctest */ = {isa = PBXFileReference; explicitFileType = wrapper.cfbundle; includeInIndex = 0; path = TodoList_Tests.xctest; sourceTree = BUILT_PRODUCTS_DIR; };
		D066E6B624701B10007FA3DB /* TodoList_Tests.swift */ = {isa = PBXFileReference; lastKnownFileType = sourcecode.swift; path = TodoList_Tests.swift; sourceTree = "<group>"; };
		D066E6B824701B10007FA3DB /* Info.plist */ = {isa = PBXFileReference; lastKnownFileType = text.plist.xml; path = Info.plist; sourceTree = "<group>"; };
		D066E6BD24701B10007FA3DB /* TodoList_UITests.xctest */ = {isa = PBXFileReference; explicitFileType = wrapper.cfbundle; includeInIndex = 0; path = TodoList_UITests.xctest; sourceTree = BUILT_PRODUCTS_DIR; };
		D066E6C124701B10007FA3DB /* TodoList_UITests.swift */ = {isa = PBXFileReference; lastKnownFileType = sourcecode.swift; path = TodoList_UITests.swift; sourceTree = "<group>"; };
		D066E6C324701B10007FA3DB /* Info.plist */ = {isa = PBXFileReference; lastKnownFileType = text.plist.xml; path = Info.plist; sourceTree = "<group>"; };
		D06C910E25B48F8E007D6D08 /* Errors.swift */ = {isa = PBXFileReference; lastKnownFileType = sourcecode.swift; path = Errors.swift; sourceTree = "<group>"; };
		D0750DC824769BD500BAB0C9 /* ToDoDetailView.swift */ = {isa = PBXFileReference; lastKnownFileType = sourcecode.swift; path = ToDoDetailView.swift; sourceTree = "<group>"; };
		D08042B825B88B9E003F99F8 /* TodoWidgetExtension.entitlements */ = {isa = PBXFileReference; lastKnownFileType = text.plist.entitlements; path = TodoWidgetExtension.entitlements; sourceTree = "<group>"; };
		D0A3858B257BC3F8007332CD /* TodoList_SwiftUI.entitlements */ = {isa = PBXFileReference; lastKnownFileType = text.plist.entitlements; path = TodoList_SwiftUI.entitlements; sourceTree = "<group>"; };
		D0BD8D4625728415009BCA97 /* R.generated.swift */ = {isa = PBXFileReference; fileEncoding = 4; lastKnownFileType = sourcecode.swift; path = R.generated.swift; sourceTree = SOURCE_ROOT; };
		D0C2F4E2259A0482008C6FE3 /* OpenTodoManager.swift */ = {isa = PBXFileReference; lastKnownFileType = sourcecode.swift; path = OpenTodoManager.swift; sourceTree = "<group>"; };
		D0C2F4EF259A056F008C6FE3 /* en */ = {isa = PBXFileReference; lastKnownFileType = text.plist.strings; name = en; path = en.lproj/Notifications.strings; sourceTree = "<group>"; };
		D0CB6D042518BFEC0049D10B /* ToDoViewModel.swift */ = {isa = PBXFileReference; lastKnownFileType = sourcecode.swift; path = ToDoViewModel.swift; sourceTree = "<group>"; };
		E73AE3B2CCEB9369A8B9EC83 /* Pods-TodoList_SwiftUITests.release.xcconfig */ = {isa = PBXFileReference; includeInIndex = 1; lastKnownFileType = text.xcconfig; name = "Pods-TodoList_SwiftUITests.release.xcconfig"; path = "Target Support Files/Pods-TodoList_SwiftUITests/Pods-TodoList_SwiftUITests.release.xcconfig"; sourceTree = "<group>"; };
/* End PBXFileReference section */

/* Begin PBXFrameworksBuildPhase section */
		D011ACC62576819D0007C7D3 /* Frameworks */ = {
			isa = PBXFrameworksBuildPhase;
			buildActionMask = 2147483647;
			files = (
				6DFF5AF2276DF4EE00BA43B7 /* RealmSwift in Frameworks */,
				6DFF5AF0276DF4EE00BA43B7 /* Realm in Frameworks */,
				D011ACCD2576819E0007C7D3 /* SwiftUI.framework in Frameworks */,
				D011ACCB2576819E0007C7D3 /* WidgetKit.framework in Frameworks */,
			);
			runOnlyForDeploymentPostprocessing = 0;
		};
		D066E69924701B0B007FA3DB /* Frameworks */ = {
			isa = PBXFrameworksBuildPhase;
			buildActionMask = 2147483647;
			files = (
				6DFF5AEE276DF4BA00BA43B7 /* RealmSwift in Frameworks */,
				6DFF5AEC276DF4BA00BA43B7 /* Realm in Frameworks */,
				1A414AC01A5F799ABB5DF20B /* Pods_TodoList_SwiftUI.framework in Frameworks */,
			);
			runOnlyForDeploymentPostprocessing = 0;
		};
		D066E6AF24701B10007FA3DB /* Frameworks */ = {
			isa = PBXFrameworksBuildPhase;
			buildActionMask = 2147483647;
			files = (
			);
			runOnlyForDeploymentPostprocessing = 0;
		};
		D066E6BA24701B10007FA3DB /* Frameworks */ = {
			isa = PBXFrameworksBuildPhase;
			buildActionMask = 2147483647;
			files = (
			);
			runOnlyForDeploymentPostprocessing = 0;
		};
/* End PBXFrameworksBuildPhase section */

/* Begin PBXGroup section */
		6D7FB8C3277E129400BE8EC4 /* Strings */ = {
			isa = PBXGroup;
			children = (
				6D7FB8C8277E135900BE8EC4 /* Label.strings */,
			);
			path = Strings;
			sourceTree = "<group>";
		};
		AFA42E8E5BAAB8BA9AA31E30 /* Pods */ = {
			isa = PBXGroup;
			children = (
				5F9156AAA989BE2FEE3C6FA7 /* Pods-TodoList_SwiftUI.debug.xcconfig */,
				917BC2DC939C700B13F1246F /* Pods-TodoList_SwiftUI.release.xcconfig */,
				550DD561A2DCF81CABA625AE /* Pods-TodoList_SwiftUI-TodoList_SwiftUIUITests.debug.xcconfig */,
				87FB4DB141C3654B8514F443 /* Pods-TodoList_SwiftUI-TodoList_SwiftUIUITests.release.xcconfig */,
				20895C79C2BC0B9DF8FCD7CC /* Pods-TodoList_SwiftUITests.debug.xcconfig */,
				E73AE3B2CCEB9369A8B9EC83 /* Pods-TodoList_SwiftUITests.release.xcconfig */,
			);
			path = Pods;
			sourceTree = "<group>";
		};
		D0060DBD26E13D3E006A216D /* Screen */ = {
			isa = PBXGroup;
			children = (
				D0060DBE26E13D4B006A216D /* ListView */,
				D0060DC026E13D90006A216D /* DetailView */,
				D0060DBF26E13D71006A216D /* InputView */,
			);
			path = Screen;
			sourceTree = "<group>";
		};
		D0060DBE26E13D4B006A216D /* ListView */ = {
			isa = PBXGroup;
			children = (
				D066E6A324701B0B007FA3DB /* ToDoListView.swift */,
				D0CB6D042518BFEC0049D10B /* ToDoViewModel.swift */,
			);
			path = ListView;
			sourceTree = "<group>";
		};
		D0060DBF26E13D71006A216D /* InputView */ = {
			isa = PBXGroup;
			children = (
				D059FAAC2470C7FF00737532 /* ToDoInputView.swift */,
				D01178C425B433FF0071E101 /* InputViewModel.swift */,
			);
			path = InputView;
			sourceTree = "<group>";
		};
		D0060DC026E13D90006A216D /* DetailView */ = {
			isa = PBXGroup;
			children = (
				D0750DC824769BD500BAB0C9 /* ToDoDetailView.swift */,
				D04FBD88268855DB00BBBE4A /* ToDoDetailViewModel.swift */,
			);
			path = DetailView;
			sourceTree = "<group>";
		};
		D00B1DFF2487AF360034FB25 /* Other */ = {
			isa = PBXGroup;
			children = (
				D0BD8D3725728308009BCA97 /* Strings */,
				D00B1E002487AF790034FB25 /* Format.swift */,
				D02DDC242495BD5C00AE1F0B /* NotificationManager.swift */,
				D020DDE625BDC2DF002DAC37 /* CompletionFlag.swift */,
				D0C2F4E2259A0482008C6FE3 /* OpenTodoManager.swift */,
				D06C910E25B48F8E007D6D08 /* Errors.swift */,
			);
			path = Other;
			sourceTree = "<group>";
		};
		D011ACCE2576819E0007C7D3 /* TodoWidget */ = {
			isa = PBXGroup;
			children = (
				D011ACCF2576819E0007C7D3 /* TodoWidget.swift */,
				D011ACD12576819E0007C7D3 /* TodoWidget.intentdefinition */,
				D011ACD2257681A00007C7D3 /* Assets.xcassets */,
				D011ACD4257681A00007C7D3 /* Info.plist */,
				6D7FB8C3277E129400BE8EC4 /* Strings */,
			);
			path = TodoWidget;
			sourceTree = "<group>";
		};
		D01E4B3D259C9DCF006D58B5 /* Extensions */ = {
			isa = PBXGroup;
			children = (
				D01E4B3E259C9DF8006D58B5 /* UserDefaultsExtensions.swift */,
				6D7368EF27D655BA00D100FB /* ColorExtension.swift */,
			);
			path = Extensions;
			sourceTree = "<group>";
		};
		D02D0FCB24701DDE00FC1D4F /* Models */ = {
			isa = PBXGroup;
			children = (
				D02D0FCC24701E0000FC1D4F /* ToDoModel.swift */,
			);
			path = Models;
			sourceTree = "<group>";
		};
		D02D0FCE24701E1000FC1D4F /* Views */ = {
			isa = PBXGroup;
			children = (
				D02D0FCF24701E4800FC1D4F /* ToDoRow.swift */,
				6D90BC162782BFC700620E4F /* CompletionLabel.swift */,
			);
			path = Views;
			sourceTree = "<group>";
		};
		D066E69324701B0B007FA3DB = {
			isa = PBXGroup;
			children = (
				D08042B825B88B9E003F99F8 /* TodoWidgetExtension.entitlements */,
				D066E69E24701B0B007FA3DB /* TodoList_SwiftUI */,
				D066E6B524701B10007FA3DB /* TodoList_Tests */,
				D066E6C024701B10007FA3DB /* TodoList_UITests */,
				D011ACCE2576819E0007C7D3 /* TodoWidget */,
				D066E69D24701B0B007FA3DB /* Products */,
				AFA42E8E5BAAB8BA9AA31E30 /* Pods */,
				F429333BFB9F5911A6C24FE5 /* Frameworks */,
			);
			sourceTree = "<group>";
		};
		D066E69D24701B0B007FA3DB /* Products */ = {
			isa = PBXGroup;
			children = (
				D066E69C24701B0B007FA3DB /* TodoList_SwiftUI.app */,
				D066E6B224701B10007FA3DB /* TodoList_Tests.xctest */,
				D066E6BD24701B10007FA3DB /* TodoList_UITests.xctest */,
				D011ACC92576819D0007C7D3 /* TodoWidgetExtension.appex */,
			);
			name = Products;
			sourceTree = "<group>";
		};
		D066E69E24701B0B007FA3DB /* TodoList_SwiftUI */ = {
			isa = PBXGroup;
			children = (
				D0A3858B257BC3F8007332CD /* TodoList_SwiftUI.entitlements */,
				D066E69F24701B0B007FA3DB /* AppDelegate.swift */,
				D0BD8D4625728415009BCA97 /* R.generated.swift */,
				D066E6A124701B0B007FA3DB /* SceneDelegate.swift */,
				D0060DBD26E13D3E006A216D /* Screen */,
				D02D0FCE24701E1000FC1D4F /* Views */,
				D02D0FCB24701DDE00FC1D4F /* Models */,
				D01E4B3D259C9DCF006D58B5 /* Extensions */,
				D00B1DFF2487AF360034FB25 /* Other */,
				D066E6A524701B0F007FA3DB /* Assets.xcassets */,
				D066E6AA24701B0F007FA3DB /* LaunchScreen.storyboard */,
				D066E6AD24701B0F007FA3DB /* Info.plist */,
				D066E6A724701B0F007FA3DB /* Preview Content */,
			);
			path = TodoList_SwiftUI;
			sourceTree = "<group>";
		};
		D066E6A724701B0F007FA3DB /* Preview Content */ = {
			isa = PBXGroup;
			children = (
				D066E6A824701B0F007FA3DB /* Preview Assets.xcassets */,
			);
			path = "Preview Content";
			sourceTree = "<group>";
		};
		D066E6B524701B10007FA3DB /* TodoList_Tests */ = {
			isa = PBXGroup;
			children = (
				D066E6B624701B10007FA3DB /* TodoList_Tests.swift */,
				D023319126A983C400BE51BE /* TodoDetailViewModelTest.swift */,
				D02DDC262495D27500AE1F0B /* NotificationManagerTests.swift */,
				D066E6B824701B10007FA3DB /* Info.plist */,
			);
			path = TodoList_Tests;
			sourceTree = "<group>";
		};
		D066E6C024701B10007FA3DB /* TodoList_UITests */ = {
			isa = PBXGroup;
			children = (
				D066E6C124701B10007FA3DB /* TodoList_UITests.swift */,
				D066E6C324701B10007FA3DB /* Info.plist */,
			);
			path = TodoList_UITests;
			sourceTree = "<group>";
		};
		D0BD8D3725728308009BCA97 /* Strings */ = {
			isa = PBXGroup;
			children = (
				6D734CED276EE45D004A3EC2 /* Message.strings */,
				D04FF8D425C05F6D00391290 /* labels.strings */,
				D0C2F4F0259A056F008C6FE3 /* Notifications.strings */,
				6DE5CDF8277214440031FB39 /* AccessibilityText.strings */,
			);
			path = Strings;
			sourceTree = "<group>";
		};
		F429333BFB9F5911A6C24FE5 /* Frameworks */ = {
			isa = PBXGroup;
			children = (
				0E287EC0C56A849158E1C5B8 /* Pods_TodoList_SwiftUI.framework */,
				D011ACCA2576819D0007C7D3 /* WidgetKit.framework */,
				D011ACCC2576819E0007C7D3 /* SwiftUI.framework */,
			);
			name = Frameworks;
			sourceTree = "<group>";
		};
/* End PBXGroup section */

/* Begin PBXNativeTarget section */
		D011ACC82576819D0007C7D3 /* TodoWidgetExtension */ = {
			isa = PBXNativeTarget;
			buildConfigurationList = D011ACDD257681A00007C7D3 /* Build configuration list for PBXNativeTarget "TodoWidgetExtension" */;
			buildPhases = (
				D011ACC52576819D0007C7D3 /* Sources */,
				D011ACC62576819D0007C7D3 /* Frameworks */,
				D011ACC72576819D0007C7D3 /* Resources */,
			);
			buildRules = (
			);
			dependencies = (
			);
			name = TodoWidgetExtension;
			packageProductDependencies = (
				6DFF5AEF276DF4EE00BA43B7 /* Realm */,
				6DFF5AF1276DF4EE00BA43B7 /* RealmSwift */,
			);
			productName = TodoWidgetExtension;
			productReference = D011ACC92576819D0007C7D3 /* TodoWidgetExtension.appex */;
			productType = "com.apple.product-type.app-extension";
		};
		D066E69B24701B0B007FA3DB /* TodoList_SwiftUI */ = {
			isa = PBXNativeTarget;
			buildConfigurationList = D066E6C624701B10007FA3DB /* Build configuration list for PBXNativeTarget "TodoList_SwiftUI" */;
			buildPhases = (
				8D568270F43C63F182F60C36 /* [CP] Check Pods Manifest.lock */,
				D0BD8D30257281B8009BCA97 /* ShellScript */,
				D066E69824701B0B007FA3DB /* Sources */,
				D066E69924701B0B007FA3DB /* Frameworks */,
				D066E69A24701B0B007FA3DB /* Resources */,
				28133D3C91AF9066F51F7F11 /* [CP] Embed Pods Frameworks */,
				D011ACDA257681A00007C7D3 /* Embed App Extensions */,
			);
			buildRules = (
			);
			dependencies = (
				D011ACD8257681A00007C7D3 /* PBXTargetDependency */,
			);
			name = TodoList_SwiftUI;
			packageProductDependencies = (
				6DFF5AEB276DF4BA00BA43B7 /* Realm */,
				6DFF5AED276DF4BA00BA43B7 /* RealmSwift */,
			);
			productName = TodoList_SwiftUI;
			productReference = D066E69C24701B0B007FA3DB /* TodoList_SwiftUI.app */;
			productType = "com.apple.product-type.application";
		};
		D066E6B124701B10007FA3DB /* TodoList_Tests */ = {
			isa = PBXNativeTarget;
			buildConfigurationList = D066E6C924701B10007FA3DB /* Build configuration list for PBXNativeTarget "TodoList_Tests" */;
			buildPhases = (
				D066E6AE24701B10007FA3DB /* Sources */,
				D066E6AF24701B10007FA3DB /* Frameworks */,
				D066E6B024701B10007FA3DB /* Resources */,
			);
			buildRules = (
			);
			dependencies = (
				D066E6B424701B10007FA3DB /* PBXTargetDependency */,
			);
			name = TodoList_Tests;
			productName = TodoList_SwiftUITests;
			productReference = D066E6B224701B10007FA3DB /* TodoList_Tests.xctest */;
			productType = "com.apple.product-type.bundle.unit-test";
		};
		D066E6BC24701B10007FA3DB /* TodoList_UITests */ = {
			isa = PBXNativeTarget;
			buildConfigurationList = D066E6CC24701B10007FA3DB /* Build configuration list for PBXNativeTarget "TodoList_UITests" */;
			buildPhases = (
				D066E6B924701B10007FA3DB /* Sources */,
				D066E6BA24701B10007FA3DB /* Frameworks */,
				D066E6BB24701B10007FA3DB /* Resources */,
			);
			buildRules = (
			);
			dependencies = (
				D066E6BF24701B10007FA3DB /* PBXTargetDependency */,
			);
			name = TodoList_UITests;
			productName = TodoList_SwiftUIUITests;
			productReference = D066E6BD24701B10007FA3DB /* TodoList_UITests.xctest */;
			productType = "com.apple.product-type.bundle.ui-testing";
		};
/* End PBXNativeTarget section */

/* Begin PBXProject section */
		D066E69424701B0B007FA3DB /* Project object */ = {
			isa = PBXProject;
			attributes = {
				LastSwiftUpdateCheck = 1220;
				LastUpgradeCheck = 1220;
				ORGANIZATIONNAME = m.dobashi;
				TargetAttributes = {
					D011ACC82576819D0007C7D3 = {
						CreatedOnToolsVersion = 12.2;
					};
					D066E69B24701B0B007FA3DB = {
						CreatedOnToolsVersion = 11.4.1;
					};
					D066E6B124701B10007FA3DB = {
						CreatedOnToolsVersion = 11.4.1;
						TestTargetID = D066E69B24701B0B007FA3DB;
					};
					D066E6BC24701B10007FA3DB = {
						CreatedOnToolsVersion = 11.4.1;
						TestTargetID = D066E69B24701B0B007FA3DB;
					};
				};
			};
			buildConfigurationList = D066E69724701B0B007FA3DB /* Build configuration list for PBXProject "TodoList_SwiftUI" */;
			compatibilityVersion = "Xcode 9.3";
			developmentRegion = en;
			hasScannedForEncodings = 0;
			knownRegions = (
				en,
				Base,
				ja,
			);
			mainGroup = D066E69324701B0B007FA3DB;
			packageReferences = (
				6DFF5AEA276DF4BA00BA43B7 /* XCRemoteSwiftPackageReference "realm-swift" */,
			);
			productRefGroup = D066E69D24701B0B007FA3DB /* Products */;
			projectDirPath = "";
			projectRoot = "";
			targets = (
				D066E69B24701B0B007FA3DB /* TodoList_SwiftUI */,
				D066E6B124701B10007FA3DB /* TodoList_Tests */,
				D066E6BC24701B10007FA3DB /* TodoList_UITests */,
				D011ACC82576819D0007C7D3 /* TodoWidgetExtension */,
			);
		};
/* End PBXProject section */

/* Begin PBXResourcesBuildPhase section */
		D011ACC72576819D0007C7D3 /* Resources */ = {
			isa = PBXResourcesBuildPhase;
			buildActionMask = 2147483647;
			files = (
				6DE5CDF6277214440031FB39 /* AccessibilityText.strings in Resources */,
				6D6904E92782F77E008EA32D /* Label.strings in Resources */,
				6D734CEB276EE45D004A3EC2 /* Message.strings in Resources */,
				D011ACD3257681A00007C7D3 /* Assets.xcassets in Resources */,
			);
			runOnlyForDeploymentPostprocessing = 0;
		};
		D066E69A24701B0B007FA3DB /* Resources */ = {
			isa = PBXResourcesBuildPhase;
			buildActionMask = 2147483647;
			files = (
				6DE5CDF5277214440031FB39 /* AccessibilityText.strings in Resources */,
				D066E6AC24701B0F007FA3DB /* LaunchScreen.storyboard in Resources */,
				D0C2F4EE259A056F008C6FE3 /* Notifications.strings in Resources */,
				D066E6A924701B0F007FA3DB /* Preview Assets.xcassets in Resources */,
				D066E6A624701B0F007FA3DB /* Assets.xcassets in Resources */,
				D04FF8D225C05F6D00391290 /* labels.strings in Resources */,
				6D734CEA276EE45D004A3EC2 /* Message.strings in Resources */,
			);
			runOnlyForDeploymentPostprocessing = 0;
		};
		D066E6B024701B10007FA3DB /* Resources */ = {
			isa = PBXResourcesBuildPhase;
			buildActionMask = 2147483647;
			files = (
			);
			runOnlyForDeploymentPostprocessing = 0;
		};
		D066E6BB24701B10007FA3DB /* Resources */ = {
			isa = PBXResourcesBuildPhase;
			buildActionMask = 2147483647;
			files = (
			);
			runOnlyForDeploymentPostprocessing = 0;
		};
/* End PBXResourcesBuildPhase section */

/* Begin PBXShellScriptBuildPhase section */
		28133D3C91AF9066F51F7F11 /* [CP] Embed Pods Frameworks */ = {
			isa = PBXShellScriptBuildPhase;
			buildActionMask = 2147483647;
			files = (
			);
			inputFileListPaths = (
				"${PODS_ROOT}/Target Support Files/Pods-TodoList_SwiftUI/Pods-TodoList_SwiftUI-frameworks-${CONFIGURATION}-input-files.xcfilelist",
			);
			name = "[CP] Embed Pods Frameworks";
			outputFileListPaths = (
				"${PODS_ROOT}/Target Support Files/Pods-TodoList_SwiftUI/Pods-TodoList_SwiftUI-frameworks-${CONFIGURATION}-output-files.xcfilelist",
			);
			runOnlyForDeploymentPostprocessing = 0;
			shellPath = /bin/sh;
			shellScript = "\"${PODS_ROOT}/Target Support Files/Pods-TodoList_SwiftUI/Pods-TodoList_SwiftUI-frameworks.sh\"\n";
			showEnvVarsInLog = 0;
		};
		8D568270F43C63F182F60C36 /* [CP] Check Pods Manifest.lock */ = {
			isa = PBXShellScriptBuildPhase;
			buildActionMask = 2147483647;
			files = (
			);
			inputFileListPaths = (
			);
			inputPaths = (
				"${PODS_PODFILE_DIR_PATH}/Podfile.lock",
				"${PODS_ROOT}/Manifest.lock",
			);
			name = "[CP] Check Pods Manifest.lock";
			outputFileListPaths = (
			);
			outputPaths = (
				"$(DERIVED_FILE_DIR)/Pods-TodoList_SwiftUI-checkManifestLockResult.txt",
			);
			runOnlyForDeploymentPostprocessing = 0;
			shellPath = /bin/sh;
			shellScript = "diff \"${PODS_PODFILE_DIR_PATH}/Podfile.lock\" \"${PODS_ROOT}/Manifest.lock\" > /dev/null\nif [ $? != 0 ] ; then\n    # print error to STDERR\n    echo \"error: The sandbox is not in sync with the Podfile.lock. Run 'pod install' or update your CocoaPods installation.\" >&2\n    exit 1\nfi\n# This output is used by Xcode 'outputs' to avoid re-running this script phase.\necho \"SUCCESS\" > \"${SCRIPT_OUTPUT_FILE_0}\"\n";
			showEnvVarsInLog = 0;
		};
		D0BD8D30257281B8009BCA97 /* ShellScript */ = {
			isa = PBXShellScriptBuildPhase;
			alwaysOutOfDate = 1;
			buildActionMask = 2147483647;
			files = (
			);
			inputFileListPaths = (
			);
			inputPaths = (
				"",
			);
			outputFileListPaths = (
			);
			outputPaths = (
				$SRCROOT/R.generated.swift,
			);
			runOnlyForDeploymentPostprocessing = 0;
			shellPath = /bin/sh;
			shellScript = "# Type a script or drag a script file from your workspace to insert its path.\n\"$PODS_ROOT/R.swift/rswift\" generate \"$SRCROOT/R.generated.swift\"\n";
		};
/* End PBXShellScriptBuildPhase section */

/* Begin PBXSourcesBuildPhase section */
		D011ACC52576819D0007C7D3 /* Sources */ = {
			isa = PBXSourcesBuildPhase;
			buildActionMask = 2147483647;
			files = (
				D011ACD5257681A00007C7D3 /* TodoWidget.intentdefinition in Sources */,
				D020DDEC25BDC3E4002DAC37 /* CompletionFlag.swift in Sources */,
				D011ACD02576819E0007C7D3 /* TodoWidget.swift in Sources */,
				D01E4B48259C9F84006D58B5 /* UserDefaultsExtensions.swift in Sources */,
				6D734CE6276ED9F0004A3EC2 /* Errors.swift in Sources */,
				D0DBE0592576866A00CF9F01 /* Format.swift in Sources */,
				D0DBE0582576866A00CF9F01 /* NotificationManager.swift in Sources */,
				D011ACE22576830D0007C7D3 /* ToDoModel.swift in Sources */,
			);
			runOnlyForDeploymentPostprocessing = 0;
		};
		D066E69824701B0B007FA3DB /* Sources */ = {
			isa = PBXSourcesBuildPhase;
			buildActionMask = 2147483647;
			files = (
				D0CB6D052518BFEC0049D10B /* ToDoViewModel.swift in Sources */,
				D00B1E012487AF790034FB25 /* Format.swift in Sources */,
				D0750DC924769BD500BAB0C9 /* ToDoDetailView.swift in Sources */,
				D02DDC252495BD5C00AE1F0B /* NotificationManager.swift in Sources */,
				D06C910F25B48F8E007D6D08 /* Errors.swift in Sources */,
				D01E4B3F259C9DF8006D58B5 /* UserDefaultsExtensions.swift in Sources */,
				D066E6A024701B0B007FA3DB /* AppDelegate.swift in Sources */,
				D059FAAD2470C7FF00737532 /* ToDoInputView.swift in Sources */,
				D02D0FCD24701E0000FC1D4F /* ToDoModel.swift in Sources */,
				D02D0FD024701E4800FC1D4F /* ToDoRow.swift in Sources */,
				6D90BC172782BFC700620E4F /* CompletionLabel.swift in Sources */,
				D020DDE725BDC2DF002DAC37 /* CompletionFlag.swift in Sources */,
				D01178C525B433FF0071E101 /* InputViewModel.swift in Sources */,
				D066E6A224701B0B007FA3DB /* SceneDelegate.swift in Sources */,
				D04FBD89268855DB00BBBE4A /* ToDoDetailViewModel.swift in Sources */,
				D0BD8D4725728415009BCA97 /* R.generated.swift in Sources */,
				D011ACD6257681A00007C7D3 /* TodoWidget.intentdefinition in Sources */,
				D0C2F4E3259A0482008C6FE3 /* OpenTodoManager.swift in Sources */,
				D066E6A424701B0B007FA3DB /* ToDoListView.swift in Sources */,
				6D7368F027D655BA00D100FB /* ColorExtension.swift in Sources */,
			);
			runOnlyForDeploymentPostprocessing = 0;
		};
		D066E6AE24701B10007FA3DB /* Sources */ = {
			isa = PBXSourcesBuildPhase;
			buildActionMask = 2147483647;
			files = (
				D023319226A983C400BE51BE /* TodoDetailViewModelTest.swift in Sources */,
				D02DDC272495D27500AE1F0B /* NotificationManagerTests.swift in Sources */,
				D066E6B724701B10007FA3DB /* TodoList_Tests.swift in Sources */,
			);
			runOnlyForDeploymentPostprocessing = 0;
		};
		D066E6B924701B10007FA3DB /* Sources */ = {
			isa = PBXSourcesBuildPhase;
			buildActionMask = 2147483647;
			files = (
				D066E6C224701B10007FA3DB /* TodoList_UITests.swift in Sources */,
			);
			runOnlyForDeploymentPostprocessing = 0;
		};
/* End PBXSourcesBuildPhase section */

/* Begin PBXTargetDependency section */
		D011ACD8257681A00007C7D3 /* PBXTargetDependency */ = {
			isa = PBXTargetDependency;
			target = D011ACC82576819D0007C7D3 /* TodoWidgetExtension */;
			targetProxy = D011ACD7257681A00007C7D3 /* PBXContainerItemProxy */;
		};
		D066E6B424701B10007FA3DB /* PBXTargetDependency */ = {
			isa = PBXTargetDependency;
			target = D066E69B24701B0B007FA3DB /* TodoList_SwiftUI */;
			targetProxy = D066E6B324701B10007FA3DB /* PBXContainerItemProxy */;
		};
		D066E6BF24701B10007FA3DB /* PBXTargetDependency */ = {
			isa = PBXTargetDependency;
			target = D066E69B24701B0B007FA3DB /* TodoList_SwiftUI */;
			targetProxy = D066E6BE24701B10007FA3DB /* PBXContainerItemProxy */;
		};
/* End PBXTargetDependency section */

/* Begin PBXVariantGroup section */
		6D734CED276EE45D004A3EC2 /* Message.strings */ = {
			isa = PBXVariantGroup;
			children = (
				6D734CEC276EE45D004A3EC2 /* en */,
				6DE5CDEE27720C0A0031FB39 /* ja */,
			);
			name = Message.strings;
			sourceTree = "<group>";
		};
		6D7FB8C8277E135900BE8EC4 /* Label.strings */ = {
			isa = PBXVariantGroup;
			children = (
				6D7FB8C7277E135900BE8EC4 /* en */,
				6D7FB8C9277E135B00BE8EC4 /* ja */,
			);
			name = Label.strings;
			sourceTree = "<group>";
		};
		6DE5CDF8277214440031FB39 /* AccessibilityText.strings */ = {
			isa = PBXVariantGroup;
			children = (
				6DE5CDF7277214440031FB39 /* en */,
				6DE5CDF9277214460031FB39 /* ja */,
			);
			name = AccessibilityText.strings;
			sourceTree = "<group>";
		};
		D04FF8D425C05F6D00391290 /* labels.strings */ = {
			isa = PBXVariantGroup;
			children = (
				D04FF8D325C05F6D00391290 /* en */,
				6DE5CDEF27720C0A0031FB39 /* ja */,
			);
			name = labels.strings;
			sourceTree = "<group>";
		};
		D066E6AA24701B0F007FA3DB /* LaunchScreen.storyboard */ = {
			isa = PBXVariantGroup;
			children = (
				D066E6AB24701B0F007FA3DB /* Base */,
				6DE5CDEC27720C090031FB39 /* ja */,
			);
			name = LaunchScreen.storyboard;
			sourceTree = "<group>";
		};
		D0C2F4F0259A056F008C6FE3 /* Notifications.strings */ = {
			isa = PBXVariantGroup;
			children = (
				D0C2F4EF259A056F008C6FE3 /* en */,
			);
			name = Notifications.strings;
			sourceTree = "<group>";
		};
/* End PBXVariantGroup section */

/* Begin XCBuildConfiguration section */
		D011ACDB257681A00007C7D3 /* Debug */ = {
			isa = XCBuildConfiguration;
			buildSettings = {
				ASSETCATALOG_COMPILER_GLOBAL_ACCENT_COLOR_NAME = AccentColor;
				ASSETCATALOG_COMPILER_WIDGET_BACKGROUND_COLOR_NAME = WidgetBackground;
				CODE_SIGN_ENTITLEMENTS = TodoWidgetExtension.entitlements;
				CODE_SIGN_STYLE = Automatic;
				DEVELOPMENT_TEAM = 7RPFL7EXKD;
				INFOPLIST_FILE = TodoWidget/Info.plist;
				IPHONEOS_DEPLOYMENT_TARGET = 14.0;
				LD_RUNPATH_SEARCH_PATHS = (
					"$(inherited)",
					"@executable_path/Frameworks",
					"@executable_path/../../Frameworks",
				);
				MARKETING_VERSION = 1.5.3;
				PRODUCT_BUNDLE_IDENTIFIER = "m.dobashi.TodoList-SwiftUI.TodoWidget";
				PRODUCT_NAME = "$(TARGET_NAME)";
				SKIP_INSTALL = YES;
				SWIFT_VERSION = 5.0;
				TARGETED_DEVICE_FAMILY = 1;
			};
			name = Debug;
		};
		D011ACDC257681A00007C7D3 /* Release */ = {
			isa = XCBuildConfiguration;
			buildSettings = {
				ASSETCATALOG_COMPILER_GLOBAL_ACCENT_COLOR_NAME = AccentColor;
				ASSETCATALOG_COMPILER_WIDGET_BACKGROUND_COLOR_NAME = WidgetBackground;
				CODE_SIGN_ENTITLEMENTS = TodoWidgetExtension.entitlements;
				CODE_SIGN_STYLE = Automatic;
				DEVELOPMENT_TEAM = 7RPFL7EXKD;
				INFOPLIST_FILE = TodoWidget/Info.plist;
				IPHONEOS_DEPLOYMENT_TARGET = 14.0;
				LD_RUNPATH_SEARCH_PATHS = (
					"$(inherited)",
					"@executable_path/Frameworks",
					"@executable_path/../../Frameworks",
				);
				MARKETING_VERSION = 1.5.3;
				PRODUCT_BUNDLE_IDENTIFIER = "m.dobashi.TodoList-SwiftUI.TodoWidget";
				PRODUCT_NAME = "$(TARGET_NAME)";
				SKIP_INSTALL = YES;
				SWIFT_VERSION = 5.0;
				TARGETED_DEVICE_FAMILY = 1;
			};
			name = Release;
		};
		D066E6C424701B10007FA3DB /* Debug */ = {
			isa = XCBuildConfiguration;
			buildSettings = {
				ALWAYS_SEARCH_USER_PATHS = NO;
				CLANG_ANALYZER_LOCALIZABILITY_NONLOCALIZED = YES;
				CLANG_ANALYZER_NONNULL = YES;
				CLANG_ANALYZER_NUMBER_OBJECT_CONVERSION = YES_AGGRESSIVE;
				CLANG_CXX_LANGUAGE_STANDARD = "gnu++14";
				CLANG_CXX_LIBRARY = "libc++";
				CLANG_ENABLE_MODULES = YES;
				CLANG_ENABLE_OBJC_ARC = YES;
				CLANG_ENABLE_OBJC_WEAK = YES;
				CLANG_WARN_BLOCK_CAPTURE_AUTORELEASING = YES;
				CLANG_WARN_BOOL_CONVERSION = YES;
				CLANG_WARN_COMMA = YES;
				CLANG_WARN_CONSTANT_CONVERSION = YES;
				CLANG_WARN_DEPRECATED_OBJC_IMPLEMENTATIONS = YES;
				CLANG_WARN_DIRECT_OBJC_ISA_USAGE = YES_ERROR;
				CLANG_WARN_DOCUMENTATION_COMMENTS = YES;
				CLANG_WARN_EMPTY_BODY = YES;
				CLANG_WARN_ENUM_CONVERSION = YES;
				CLANG_WARN_INFINITE_RECURSION = YES;
				CLANG_WARN_INT_CONVERSION = YES;
				CLANG_WARN_NON_LITERAL_NULL_CONVERSION = YES;
				CLANG_WARN_OBJC_IMPLICIT_RETAIN_SELF = YES;
				CLANG_WARN_OBJC_LITERAL_CONVERSION = YES;
				CLANG_WARN_OBJC_ROOT_CLASS = YES_ERROR;
				CLANG_WARN_QUOTED_INCLUDE_IN_FRAMEWORK_HEADER = YES;
				CLANG_WARN_RANGE_LOOP_ANALYSIS = YES;
				CLANG_WARN_STRICT_PROTOTYPES = YES;
				CLANG_WARN_SUSPICIOUS_MOVE = YES;
				CLANG_WARN_UNGUARDED_AVAILABILITY = YES_AGGRESSIVE;
				CLANG_WARN_UNREACHABLE_CODE = YES;
				CLANG_WARN__DUPLICATE_METHOD_MATCH = YES;
				COPY_PHASE_STRIP = NO;
				DEBUG_INFORMATION_FORMAT = dwarf;
				ENABLE_STRICT_OBJC_MSGSEND = YES;
				ENABLE_TESTABILITY = YES;
				GCC_C_LANGUAGE_STANDARD = gnu11;
				GCC_DYNAMIC_NO_PIC = NO;
				GCC_NO_COMMON_BLOCKS = YES;
				GCC_OPTIMIZATION_LEVEL = 0;
				GCC_PREPROCESSOR_DEFINITIONS = (
					"DEBUG=1",
					"$(inherited)",
				);
				GCC_WARN_64_TO_32_BIT_CONVERSION = YES;
				GCC_WARN_ABOUT_RETURN_TYPE = YES_ERROR;
				GCC_WARN_UNDECLARED_SELECTOR = YES;
				GCC_WARN_UNINITIALIZED_AUTOS = YES_AGGRESSIVE;
				GCC_WARN_UNUSED_FUNCTION = YES;
				GCC_WARN_UNUSED_VARIABLE = YES;
				IPHONEOS_DEPLOYMENT_TARGET = 14.0;
				MTL_ENABLE_DEBUG_INFO = INCLUDE_SOURCE;
				MTL_FAST_MATH = YES;
				ONLY_ACTIVE_ARCH = YES;
				SDKROOT = iphoneos;
				SWIFT_ACTIVE_COMPILATION_CONDITIONS = DEBUG;
				SWIFT_OPTIMIZATION_LEVEL = "-Onone";
			};
			name = Debug;
		};
		D066E6C524701B10007FA3DB /* Release */ = {
			isa = XCBuildConfiguration;
			buildSettings = {
				ALWAYS_SEARCH_USER_PATHS = NO;
				CLANG_ANALYZER_LOCALIZABILITY_NONLOCALIZED = YES;
				CLANG_ANALYZER_NONNULL = YES;
				CLANG_ANALYZER_NUMBER_OBJECT_CONVERSION = YES_AGGRESSIVE;
				CLANG_CXX_LANGUAGE_STANDARD = "gnu++14";
				CLANG_CXX_LIBRARY = "libc++";
				CLANG_ENABLE_MODULES = YES;
				CLANG_ENABLE_OBJC_ARC = YES;
				CLANG_ENABLE_OBJC_WEAK = YES;
				CLANG_WARN_BLOCK_CAPTURE_AUTORELEASING = YES;
				CLANG_WARN_BOOL_CONVERSION = YES;
				CLANG_WARN_COMMA = YES;
				CLANG_WARN_CONSTANT_CONVERSION = YES;
				CLANG_WARN_DEPRECATED_OBJC_IMPLEMENTATIONS = YES;
				CLANG_WARN_DIRECT_OBJC_ISA_USAGE = YES_ERROR;
				CLANG_WARN_DOCUMENTATION_COMMENTS = YES;
				CLANG_WARN_EMPTY_BODY = YES;
				CLANG_WARN_ENUM_CONVERSION = YES;
				CLANG_WARN_INFINITE_RECURSION = YES;
				CLANG_WARN_INT_CONVERSION = YES;
				CLANG_WARN_NON_LITERAL_NULL_CONVERSION = YES;
				CLANG_WARN_OBJC_IMPLICIT_RETAIN_SELF = YES;
				CLANG_WARN_OBJC_LITERAL_CONVERSION = YES;
				CLANG_WARN_OBJC_ROOT_CLASS = YES_ERROR;
				CLANG_WARN_QUOTED_INCLUDE_IN_FRAMEWORK_HEADER = YES;
				CLANG_WARN_RANGE_LOOP_ANALYSIS = YES;
				CLANG_WARN_STRICT_PROTOTYPES = YES;
				CLANG_WARN_SUSPICIOUS_MOVE = YES;
				CLANG_WARN_UNGUARDED_AVAILABILITY = YES_AGGRESSIVE;
				CLANG_WARN_UNREACHABLE_CODE = YES;
				CLANG_WARN__DUPLICATE_METHOD_MATCH = YES;
				COPY_PHASE_STRIP = NO;
				DEBUG_INFORMATION_FORMAT = "dwarf-with-dsym";
				ENABLE_NS_ASSERTIONS = NO;
				ENABLE_STRICT_OBJC_MSGSEND = YES;
				GCC_C_LANGUAGE_STANDARD = gnu11;
				GCC_NO_COMMON_BLOCKS = YES;
				GCC_WARN_64_TO_32_BIT_CONVERSION = YES;
				GCC_WARN_ABOUT_RETURN_TYPE = YES_ERROR;
				GCC_WARN_UNDECLARED_SELECTOR = YES;
				GCC_WARN_UNINITIALIZED_AUTOS = YES_AGGRESSIVE;
				GCC_WARN_UNUSED_FUNCTION = YES;
				GCC_WARN_UNUSED_VARIABLE = YES;
				IPHONEOS_DEPLOYMENT_TARGET = 14.0;
				MTL_ENABLE_DEBUG_INFO = NO;
				MTL_FAST_MATH = YES;
				SDKROOT = iphoneos;
				SWIFT_COMPILATION_MODE = wholemodule;
				SWIFT_OPTIMIZATION_LEVEL = "-O";
				VALIDATE_PRODUCT = YES;
			};
			name = Release;
		};
		D066E6C724701B10007FA3DB /* Debug */ = {
			isa = XCBuildConfiguration;
			baseConfigurationReference = 5F9156AAA989BE2FEE3C6FA7 /* Pods-TodoList_SwiftUI.debug.xcconfig */;
			buildSettings = {
				ALWAYS_EMBED_SWIFT_STANDARD_LIBRARIES = YES;
				ASSETCATALOG_COMPILER_APPICON_NAME = AppIcon;
				CODE_SIGN_ENTITLEMENTS = TodoList_SwiftUI/TodoList_SwiftUI.entitlements;
				CODE_SIGN_STYLE = Automatic;
				DEVELOPMENT_ASSET_PATHS = "\"TodoList_SwiftUI/Preview Content\"";
				DEVELOPMENT_TEAM = 7RPFL7EXKD;
				ENABLE_PREVIEWS = YES;
				INFOPLIST_FILE = TodoList_SwiftUI/Info.plist;
				IPHONEOS_DEPLOYMENT_TARGET = 14.0;
				LD_RUNPATH_SEARCH_PATHS = (
					"$(inherited)",
					"@executable_path/Frameworks",
				);
				MARKETING_VERSION = 1.5.3;
				PRODUCT_BUNDLE_IDENTIFIER = "m.dobashi.TodoList-SwiftUI";
				PRODUCT_NAME = "$(TARGET_NAME)";
				SWIFT_VERSION = 5.0;
				TARGETED_DEVICE_FAMILY = 1;
			};
			name = Debug;
		};
		D066E6C824701B10007FA3DB /* Release */ = {
			isa = XCBuildConfiguration;
			baseConfigurationReference = 917BC2DC939C700B13F1246F /* Pods-TodoList_SwiftUI.release.xcconfig */;
			buildSettings = {
				ALWAYS_EMBED_SWIFT_STANDARD_LIBRARIES = YES;
				ASSETCATALOG_COMPILER_APPICON_NAME = AppIcon;
				CODE_SIGN_ENTITLEMENTS = TodoList_SwiftUI/TodoList_SwiftUI.entitlements;
				CODE_SIGN_STYLE = Automatic;
				DEVELOPMENT_ASSET_PATHS = "\"TodoList_SwiftUI/Preview Content\"";
				DEVELOPMENT_TEAM = 7RPFL7EXKD;
				ENABLE_PREVIEWS = YES;
				INFOPLIST_FILE = TodoList_SwiftUI/Info.plist;
				IPHONEOS_DEPLOYMENT_TARGET = 14.0;
				LD_RUNPATH_SEARCH_PATHS = (
					"$(inherited)",
					"@executable_path/Frameworks",
				);
				MARKETING_VERSION = 1.5.3;
				PRODUCT_BUNDLE_IDENTIFIER = "m.dobashi.TodoList-SwiftUI";
				PRODUCT_NAME = "$(TARGET_NAME)";
				SWIFT_VERSION = 5.0;
				TARGETED_DEVICE_FAMILY = 1;
			};
			name = Release;
		};
		D066E6CA24701B10007FA3DB /* Debug */ = {
			isa = XCBuildConfiguration;
			buildSettings = {
				ALWAYS_EMBED_SWIFT_STANDARD_LIBRARIES = YES;
				BUNDLE_LOADER = "$(TEST_HOST)";
				CODE_SIGN_STYLE = Automatic;
				DEVELOPMENT_TEAM = 7RPFL7EXKD;
				INFOPLIST_FILE = TodoList_Tests/Info.plist;
				IPHONEOS_DEPLOYMENT_TARGET = 14.0;
				LD_RUNPATH_SEARCH_PATHS = (
					"$(inherited)",
					"@executable_path/Frameworks",
					"@loader_path/Frameworks",
				);
				PRODUCT_BUNDLE_IDENTIFIER = "m.dobashi.TodoList-Tests";
				PRODUCT_NAME = "$(TARGET_NAME)";
				SWIFT_VERSION = 5.0;
				TARGETED_DEVICE_FAMILY = "1,2";
				TEST_HOST = "$(BUILT_PRODUCTS_DIR)/TodoList_SwiftUI.app/TodoList_SwiftUI";
			};
			name = Debug;
		};
		D066E6CB24701B10007FA3DB /* Release */ = {
			isa = XCBuildConfiguration;
			buildSettings = {
				ALWAYS_EMBED_SWIFT_STANDARD_LIBRARIES = YES;
				BUNDLE_LOADER = "$(TEST_HOST)";
				CODE_SIGN_STYLE = Automatic;
				DEVELOPMENT_TEAM = 7RPFL7EXKD;
				INFOPLIST_FILE = TodoList_Tests/Info.plist;
				IPHONEOS_DEPLOYMENT_TARGET = 14.0;
				LD_RUNPATH_SEARCH_PATHS = (
					"$(inherited)",
					"@executable_path/Frameworks",
					"@loader_path/Frameworks",
				);
				PRODUCT_BUNDLE_IDENTIFIER = "m.dobashi.TodoList-Tests";
				PRODUCT_NAME = "$(TARGET_NAME)";
				SWIFT_VERSION = 5.0;
				TARGETED_DEVICE_FAMILY = "1,2";
				TEST_HOST = "$(BUILT_PRODUCTS_DIR)/TodoList_SwiftUI.app/TodoList_SwiftUI";
			};
			name = Release;
		};
		D066E6CD24701B10007FA3DB /* Debug */ = {
			isa = XCBuildConfiguration;
			buildSettings = {
				ALWAYS_EMBED_SWIFT_STANDARD_LIBRARIES = YES;
				CODE_SIGN_STYLE = Automatic;
				DEVELOPMENT_TEAM = 7RPFL7EXKD;
				INFOPLIST_FILE = TodoList_UITests/Info.plist;
				LD_RUNPATH_SEARCH_PATHS = (
					"$(inherited)",
					"@executable_path/Frameworks",
					"@loader_path/Frameworks",
				);
				PRODUCT_BUNDLE_IDENTIFIER = "m.dobashi.TodoList-UITests";
				PRODUCT_NAME = "$(TARGET_NAME)";
				SWIFT_VERSION = 5.0;
				TARGETED_DEVICE_FAMILY = "1,2";
				TEST_TARGET_NAME = TodoList_SwiftUI;
			};
			name = Debug;
		};
		D066E6CE24701B10007FA3DB /* Release */ = {
			isa = XCBuildConfiguration;
			buildSettings = {
				ALWAYS_EMBED_SWIFT_STANDARD_LIBRARIES = YES;
				CODE_SIGN_STYLE = Automatic;
				DEVELOPMENT_TEAM = 7RPFL7EXKD;
				INFOPLIST_FILE = TodoList_UITests/Info.plist;
				LD_RUNPATH_SEARCH_PATHS = (
					"$(inherited)",
					"@executable_path/Frameworks",
					"@loader_path/Frameworks",
				);
				PRODUCT_BUNDLE_IDENTIFIER = "m.dobashi.TodoList-UITests";
				PRODUCT_NAME = "$(TARGET_NAME)";
				SWIFT_VERSION = 5.0;
				TARGETED_DEVICE_FAMILY = "1,2";
				TEST_TARGET_NAME = TodoList_SwiftUI;
			};
			name = Release;
		};
/* End XCBuildConfiguration section */

/* Begin XCConfigurationList section */
		D011ACDD257681A00007C7D3 /* Build configuration list for PBXNativeTarget "TodoWidgetExtension" */ = {
			isa = XCConfigurationList;
			buildConfigurations = (
				D011ACDB257681A00007C7D3 /* Debug */,
				D011ACDC257681A00007C7D3 /* Release */,
			);
			defaultConfigurationIsVisible = 0;
			defaultConfigurationName = Release;
		};
		D066E69724701B0B007FA3DB /* Build configuration list for PBXProject "TodoList_SwiftUI" */ = {
			isa = XCConfigurationList;
			buildConfigurations = (
				D066E6C424701B10007FA3DB /* Debug */,
				D066E6C524701B10007FA3DB /* Release */,
			);
			defaultConfigurationIsVisible = 0;
			defaultConfigurationName = Release;
		};
		D066E6C624701B10007FA3DB /* Build configuration list for PBXNativeTarget "TodoList_SwiftUI" */ = {
			isa = XCConfigurationList;
			buildConfigurations = (
				D066E6C724701B10007FA3DB /* Debug */,
				D066E6C824701B10007FA3DB /* Release */,
			);
			defaultConfigurationIsVisible = 0;
			defaultConfigurationName = Release;
		};
		D066E6C924701B10007FA3DB /* Build configuration list for PBXNativeTarget "TodoList_Tests" */ = {
			isa = XCConfigurationList;
			buildConfigurations = (
				D066E6CA24701B10007FA3DB /* Debug */,
				D066E6CB24701B10007FA3DB /* Release */,
			);
			defaultConfigurationIsVisible = 0;
			defaultConfigurationName = Release;
		};
		D066E6CC24701B10007FA3DB /* Build configuration list for PBXNativeTarget "TodoList_UITests" */ = {
			isa = XCConfigurationList;
			buildConfigurations = (
				D066E6CD24701B10007FA3DB /* Debug */,
				D066E6CE24701B10007FA3DB /* Release */,
			);
			defaultConfigurationIsVisible = 0;
			defaultConfigurationName = Release;
		};
/* End XCConfigurationList section */

/* Begin XCRemoteSwiftPackageReference section */
		6DFF5AEA276DF4BA00BA43B7 /* XCRemoteSwiftPackageReference "realm-swift" */ = {
			isa = XCRemoteSwiftPackageReference;
			repositoryURL = "https://github.com/realm/realm-swift";
			requirement = {
				kind = exactVersion;
				version = 10.20.1;
			};
		};
/* End XCRemoteSwiftPackageReference section */

/* Begin XCSwiftPackageProductDependency section */
		6DFF5AEB276DF4BA00BA43B7 /* Realm */ = {
			isa = XCSwiftPackageProductDependency;
			package = 6DFF5AEA276DF4BA00BA43B7 /* XCRemoteSwiftPackageReference "realm-swift" */;
			productName = Realm;
		};
		6DFF5AED276DF4BA00BA43B7 /* RealmSwift */ = {
			isa = XCSwiftPackageProductDependency;
			package = 6DFF5AEA276DF4BA00BA43B7 /* XCRemoteSwiftPackageReference "realm-swift" */;
			productName = RealmSwift;
		};
		6DFF5AEF276DF4EE00BA43B7 /* Realm */ = {
			isa = XCSwiftPackageProductDependency;
			package = 6DFF5AEA276DF4BA00BA43B7 /* XCRemoteSwiftPackageReference "realm-swift" */;
			productName = Realm;
		};
		6DFF5AF1276DF4EE00BA43B7 /* RealmSwift */ = {
			isa = XCSwiftPackageProductDependency;
			package = 6DFF5AEA276DF4BA00BA43B7 /* XCRemoteSwiftPackageReference "realm-swift" */;
			productName = RealmSwift;
		};
/* End XCSwiftPackageProductDependency section */
	};
	rootObject = D066E69424701B0B007FA3DB /* Project object */;
}
