// !$*UTF8*$!
{
	archiveVersion = 1;
	classes = {
	};
	objectVersion = 50;
	objects = {

/* Begin PBXBuildFile section */
		D066E6A024701B0B007FA3DB /* AppDelegate.swift in Sources */ = {isa = PBXBuildFile; fileRef = D066E69F24701B0B007FA3DB /* AppDelegate.swift */; };
		D066E6A224701B0B007FA3DB /* SceneDelegate.swift in Sources */ = {isa = PBXBuildFile; fileRef = D066E6A124701B0B007FA3DB /* SceneDelegate.swift */; };
		D066E6A424701B0B007FA3DB /* ContentView.swift in Sources */ = {isa = PBXBuildFile; fileRef = D066E6A324701B0B007FA3DB /* ContentView.swift */; };
		D066E6A624701B0F007FA3DB /* Assets.xcassets in Resources */ = {isa = PBXBuildFile; fileRef = D066E6A524701B0F007FA3DB /* Assets.xcassets */; };
		D066E6A924701B0F007FA3DB /* Preview Assets.xcassets in Resources */ = {isa = PBXBuildFile; fileRef = D066E6A824701B0F007FA3DB /* Preview Assets.xcassets */; };
		D066E6AC24701B0F007FA3DB /* LaunchScreen.storyboard in Resources */ = {isa = PBXBuildFile; fileRef = D066E6AA24701B0F007FA3DB /* LaunchScreen.storyboard */; };
		D066E6B724701B10007FA3DB /* TodoList_SwiftUITests.swift in Sources */ = {isa = PBXBuildFile; fileRef = D066E6B624701B10007FA3DB /* TodoList_SwiftUITests.swift */; };
		D066E6C224701B10007FA3DB /* TodoList_SwiftUIUITests.swift in Sources */ = {isa = PBXBuildFile; fileRef = D066E6C124701B10007FA3DB /* TodoList_SwiftUIUITests.swift */; };
/* End PBXBuildFile section */

/* Begin PBXContainerItemProxy section */
		D066E6B324701B10007FA3DB /* PBXContainerItemProxy */ = {
			isa = PBXContainerItemProxy;
			containerPortal = D066E69424701B0B007FA3DB /* Project object */;
			proxyType = 1;
			remoteGlobalIDString = D066E69B24701B0B007FA3DB;
			remoteInfo = TodoList_SwiftUI;
		};
		D066E6BE24701B10007FA3DB /* PBXContainerItemProxy */ = {
			isa = PBXContainerItemProxy;
			containerPortal = D066E69424701B0B007FA3DB /* Project object */;
			proxyType = 1;
			remoteGlobalIDString = D066E69B24701B0B007FA3DB;
			remoteInfo = TodoList_SwiftUI;
		};
/* End PBXContainerItemProxy section */

/* Begin PBXFileReference section */
		D066E69C24701B0B007FA3DB /* TodoList_SwiftUI.app */ = {isa = PBXFileReference; explicitFileType = wrapper.application; includeInIndex = 0; path = TodoList_SwiftUI.app; sourceTree = BUILT_PRODUCTS_DIR; };
		D066E69F24701B0B007FA3DB /* AppDelegate.swift */ = {isa = PBXFileReference; lastKnownFileType = sourcecode.swift; path = AppDelegate.swift; sourceTree = "<group>"; };
		D066E6A124701B0B007FA3DB /* SceneDelegate.swift */ = {isa = PBXFileReference; lastKnownFileType = sourcecode.swift; path = SceneDelegate.swift; sourceTree = "<group>"; };
		D066E6A324701B0B007FA3DB /* ContentView.swift */ = {isa = PBXFileReference; lastKnownFileType = sourcecode.swift; path = ContentView.swift; sourceTree = "<group>"; };
		D066E6A524701B0F007FA3DB /* Assets.xcassets */ = {isa = PBXFileReference; lastKnownFileType = folder.assetcatalog; path = Assets.xcassets; sourceTree = "<group>"; };
		D066E6A824701B0F007FA3DB /* Preview Assets.xcassets */ = {isa = PBXFileReference; lastKnownFileType = folder.assetcatalog; path = "Preview Assets.xcassets"; sourceTree = "<group>"; };
		D066E6AB24701B0F007FA3DB /* Base */ = {isa = PBXFileReference; lastKnownFileType = file.storyboard; name = Base; path = Base.lproj/LaunchScreen.storyboard; sourceTree = "<group>"; };
		D066E6AD24701B0F007FA3DB /* Info.plist */ = {isa = PBXFileReference; lastKnownFileType = text.plist.xml; path = Info.plist; sourceTree = "<group>"; };
		D066E6B224701B10007FA3DB /* TodoList_SwiftUITests.xctest */ = {isa = PBXFileReference; explicitFileType = wrapper.cfbundle; includeInIndex = 0; path = TodoList_SwiftUITests.xctest; sourceTree = BUILT_PRODUCTS_DIR; };
		D066E6B624701B10007FA3DB /* TodoList_SwiftUITests.swift */ = {isa = PBXFileReference; lastKnownFileType = sourcecode.swift; path = TodoList_SwiftUITests.swift; sourceTree = "<group>"; };
		D066E6B824701B10007FA3DB /* Info.plist */ = {isa = PBXFileReference; lastKnownFileType = text.plist.xml; path = Info.plist; sourceTree = "<group>"; };
		D066E6BD24701B10007FA3DB /* TodoList_SwiftUIUITests.xctest */ = {isa = PBXFileReference; explicitFileType = wrapper.cfbundle; includeInIndex = 0; path = TodoList_SwiftUIUITests.xctest; sourceTree = BUILT_PRODUCTS_DIR; };
		D066E6C124701B10007FA3DB /* TodoList_SwiftUIUITests.swift */ = {isa = PBXFileReference; lastKnownFileType = sourcecode.swift; path = TodoList_SwiftUIUITests.swift; sourceTree = "<group>"; };
		D066E6C324701B10007FA3DB /* Info.plist */ = {isa = PBXFileReference; lastKnownFileType = text.plist.xml; path = Info.plist; sourceTree = "<group>"; };
/* End PBXFileReference section */

/* Begin PBXFrameworksBuildPhase section */
		D066E69924701B0B007FA3DB /* Frameworks */ = {
			isa = PBXFrameworksBuildPhase;
			buildActionMask = 2147483647;
			files = (
			);
			runOnlyForDeploymentPostprocessing = 0;
		};
		D066E6AF24701B10007FA3DB /* Frameworks */ = {
			isa = PBXFrameworksBuildPhase;
			buildActionMask = 2147483647;
			files = (
			);
			runOnlyForDeploymentPostprocessing = 0;
		};
		D066E6BA24701B10007FA3DB /* Frameworks */ = {
			isa = PBXFrameworksBuildPhase;
			buildActionMask = 2147483647;
			files = (
			);
			runOnlyForDeploymentPostprocessing = 0;
		};
/* End PBXFrameworksBuildPhase section */

/* Begin PBXGroup section */
		D066E69324701B0B007FA3DB = {
			isa = PBXGroup;
			children = (
				D066E69E24701B0B007FA3DB /* TodoList_SwiftUI */,
				D066E6B524701B10007FA3DB /* TodoList_SwiftUITests */,
				D066E6C024701B10007FA3DB /* TodoList_SwiftUIUITests */,
				D066E69D24701B0B007FA3DB /* Products */,
			);
			sourceTree = "<group>";
		};
		D066E69D24701B0B007FA3DB /* Products */ = {
			isa = PBXGroup;
			children = (
				D066E69C24701B0B007FA3DB /* TodoList_SwiftUI.app */,
				D066E6B224701B10007FA3DB /* TodoList_SwiftUITests.xctest */,
				D066E6BD24701B10007FA3DB /* TodoList_SwiftUIUITests.xctest */,
			);
			name = Products;
			sourceTree = "<group>";
		};
		D066E69E24701B0B007FA3DB /* TodoList_SwiftUI */ = {
			isa = PBXGroup;
			children = (
				D066E69F24701B0B007FA3DB /* AppDelegate.swift */,
				D066E6A124701B0B007FA3DB /* SceneDelegate.swift */,
				D066E6A324701B0B007FA3DB /* ContentView.swift */,
				D066E6A524701B0F007FA3DB /* Assets.xcassets */,
				D066E6AA24701B0F007FA3DB /* LaunchScreen.storyboard */,
				D066E6AD24701B0F007FA3DB /* Info.plist */,
				D066E6A724701B0F007FA3DB /* Preview Content */,
			);
			path = TodoList_SwiftUI;
			sourceTree = "<group>";
		};
		D066E6A724701B0F007FA3DB /* Preview Content */ = {
			isa = PBXGroup;
			children = (
				D066E6A824701B0F007FA3DB /* Preview Assets.xcassets */,
			);
			path = "Preview Content";
			sourceTree = "<group>";
		};
		D066E6B524701B10007FA3DB /* TodoList_SwiftUITests */ = {
			isa = PBXGroup;
			children = (
				D066E6B624701B10007FA3DB /* TodoList_SwiftUITests.swift */,
				D066E6B824701B10007FA3DB /* Info.plist */,
			);
			path = TodoList_SwiftUITests;
			sourceTree = "<group>";
		};
		D066E6C024701B10007FA3DB /* TodoList_SwiftUIUITests */ = {
			isa = PBXGroup;
			children = (
				D066E6C124701B10007FA3DB /* TodoList_SwiftUIUITests.swift */,
				D066E6C324701B10007FA3DB /* Info.plist */,
			);
			path = TodoList_SwiftUIUITests;
			sourceTree = "<group>";
		};
/* End PBXGroup section */

/* Begin PBXNativeTarget section */
		D066E69B24701B0B007FA3DB /* TodoList_SwiftUI */ = {
			isa = PBXNativeTarget;
			buildConfigurationList = D066E6C624701B10007FA3DB /* Build configuration list for PBXNativeTarget "TodoList_SwiftUI" */;
			buildPhases = (
				D066E69824701B0B007FA3DB /* Sources */,
				D066E69924701B0B007FA3DB /* Frameworks */,
				D066E69A24701B0B007FA3DB /* Resources */,
			);
			buildRules = (
			);
			dependencies = (
			);
			name = TodoList_SwiftUI;
			productName = TodoList_SwiftUI;
			productReference = D066E69C24701B0B007FA3DB /* TodoList_SwiftUI.app */;
			productType = "com.apple.product-type.application";
		};
		D066E6B124701B10007FA3DB /* TodoList_SwiftUITests */ = {
			isa = PBXNativeTarget;
			buildConfigurationList = D066E6C924701B10007FA3DB /* Build configuration list for PBXNativeTarget "TodoList_SwiftUITests" */;
			buildPhases = (
				D066E6AE24701B10007FA3DB /* Sources */,
				D066E6AF24701B10007FA3DB /* Frameworks */,
				D066E6B024701B10007FA3DB /* Resources */,
			);
			buildRules = (
			);
			dependencies = (
				D066E6B424701B10007FA3DB /* PBXTargetDependency */,
			);
			name = TodoList_SwiftUITests;
			productName = TodoList_SwiftUITests;
			productReference = D066E6B224701B10007FA3DB /* TodoList_SwiftUITests.xctest */;
			productType = "com.apple.product-type.bundle.unit-test";
		};
		D066E6BC24701B10007FA3DB /* TodoList_SwiftUIUITests */ = {
			isa = PBXNativeTarget;
			buildConfigurationList = D066E6CC24701B10007FA3DB /* Build configuration list for PBXNativeTarget "TodoList_SwiftUIUITests" */;
			buildPhases = (
				D066E6B924701B10007FA3DB /* Sources */,
				D066E6BA24701B10007FA3DB /* Frameworks */,
				D066E6BB24701B10007FA3DB /* Resources */,
			);
			buildRules = (
			);
			dependencies = (
				D066E6BF24701B10007FA3DB /* PBXTargetDependency */,
			);
			name = TodoList_SwiftUIUITests;
			productName = TodoList_SwiftUIUITests;
			productReference = D066E6BD24701B10007FA3DB /* TodoList_SwiftUIUITests.xctest */;
			productType = "com.apple.product-type.bundle.ui-testing";
		};
/* End PBXNativeTarget section */

/* Begin PBXProject section */
		D066E69424701B0B007FA3DB /* Project object */ = {
			isa = PBXProject;
			attributes = {
				LastSwiftUpdateCheck = 1140;
				LastUpgradeCheck = 1140;
				ORGANIZATIONNAME = m.dobashi;
				TargetAttributes = {
					D066E69B24701B0B007FA3DB = {
						CreatedOnToolsVersion = 11.4.1;
					};
					D066E6B124701B10007FA3DB = {
						CreatedOnToolsVersion = 11.4.1;
						TestTargetID = D066E69B24701B0B007FA3DB;
					};
					D066E6BC24701B10007FA3DB = {
						CreatedOnToolsVersion = 11.4.1;
						TestTargetID = D066E69B24701B0B007FA3DB;
					};
				};
			};
			buildConfigurationList = D066E69724701B0B007FA3DB /* Build configuration list for PBXProject "TodoList_SwiftUI" */;
			compatibilityVersion = "Xcode 9.3";
			developmentRegion = en;
			hasScannedForEncodings = 0;
			knownRegions = (
				en,
				Base,
			);
			mainGroup = D066E69324701B0B007FA3DB;
			productRefGroup = D066E69D24701B0B007FA3DB /* Products */;
			projectDirPath = "";
			projectRoot = "";
			targets = (
				D066E69B24701B0B007FA3DB /* TodoList_SwiftUI */,
				D066E6B124701B10007FA3DB /* TodoList_SwiftUITests */,
				D066E6BC24701B10007FA3DB /* TodoList_SwiftUIUITests */,
			);
		};
/* End PBXProject section */

/* Begin PBXResourcesBuildPhase section */
		D066E69A24701B0B007FA3DB /* Resources */ = {
			isa = PBXResourcesBuildPhase;
			buildActionMask = 2147483647;
			files = (
				D066E6AC24701B0F007FA3DB /* LaunchScreen.storyboard in Resources */,
				D066E6A924701B0F007FA3DB /* Preview Assets.xcassets in Resources */,
				D066E6A624701B0F007FA3DB /* Assets.xcassets in Resources */,
			);
			runOnlyForDeploymentPostprocessing = 0;
		};
		D066E6B024701B10007FA3DB /* Resources */ = {
			isa = PBXResourcesBuildPhase;
			buildActionMask = 2147483647;
			files = (
			);
			runOnlyForDeploymentPostprocessing = 0;
		};
		D066E6BB24701B10007FA3DB /* Resources */ = {
			isa = PBXResourcesBuildPhase;
			buildActionMask = 2147483647;
			files = (
			);
			runOnlyForDeploymentPostprocessing = 0;
		};
/* End PBXResourcesBuildPhase section */

/* Begin PBXSourcesBuildPhase section */
		D066E69824701B0B007FA3DB /* Sources */ = {
			isa = PBXSourcesBuildPhase;
			buildActionMask = 2147483647;
			files = (
				D066E6A024701B0B007FA3DB /* AppDelegate.swift in Sources */,
				D066E6A224701B0B007FA3DB /* SceneDelegate.swift in Sources */,
				D066E6A424701B0B007FA3DB /* ContentView.swift in Sources */,
			);
			runOnlyForDeploymentPostprocessing = 0;
		};
		D066E6AE24701B10007FA3DB /* Sources */ = {
			isa = PBXSourcesBuildPhase;
			buildActionMask = 2147483647;
			files = (
				D066E6B724701B10007FA3DB /* TodoList_SwiftUITests.swift in Sources */,
			);
			runOnlyForDeploymentPostprocessing = 0;
		};
		D066E6B924701B10007FA3DB /* Sources */ = {
			isa = PBXSourcesBuildPhase;
			buildActionMask = 2147483647;
			files = (
				D066E6C224701B10007FA3DB /* TodoList_SwiftUIUITests.swift in Sources */,
			);
			runOnlyForDeploymentPostprocessing = 0;
		};
/* End PBXSourcesBuildPhase section */

/* Begin PBXTargetDependency section */
		D066E6B424701B10007FA3DB /* PBXTargetDependency */ = {
			isa = PBXTargetDependency;
			target = D066E69B24701B0B007FA3DB /* TodoList_SwiftUI */;
			targetProxy = D066E6B324701B10007FA3DB /* PBXContainerItemProxy */;
		};
		D066E6BF24701B10007FA3DB /* PBXTargetDependency */ = {
			isa = PBXTargetDependency;
			target = D066E69B24701B0B007FA3DB /* TodoList_SwiftUI */;
			targetProxy = D066E6BE24701B10007FA3DB /* PBXContainerItemProxy */;
		};
/* End PBXTargetDependency section */

/* Begin PBXVariantGroup section */
		D066E6AA24701B0F007FA3DB /* LaunchScreen.storyboard */ = {
			isa = PBXVariantGroup;
			children = (
				D066E6AB24701B0F007FA3DB /* Base */,
			);
			name = LaunchScreen.storyboard;
			sourceTree = "<group>";
		};
/* End PBXVariantGroup section */

/* Begin XCBuildConfiguration section */
		D066E6C424701B10007FA3DB /* Debug */ = {
			isa = XCBuildConfiguration;
			buildSettings = {
				ALWAYS_SEARCH_USER_PATHS = NO;
				CLANG_ANALYZER_NONNULL = YES;
				CLANG_ANALYZER_NUMBER_OBJECT_CONVERSION = YES_AGGRESSIVE;
				CLANG_CXX_LANGUAGE_STANDARD = "gnu++14";
				CLANG_CXX_LIBRARY = "libc++";
				CLANG_ENABLE_MODULES = YES;
				CLANG_ENABLE_OBJC_ARC = YES;
				CLANG_ENABLE_OBJC_WEAK = YES;
				CLANG_WARN_BLOCK_CAPTURE_AUTORELEASING = YES;
				CLANG_WARN_BOOL_CONVERSION = YES;
				CLANG_WARN_COMMA = YES;
				CLANG_WARN_CONSTANT_CONVERSION = YES;
				CLANG_WARN_DEPRECATED_OBJC_IMPLEMENTATIONS = YES;
				CLANG_WARN_DIRECT_OBJC_ISA_USAGE = YES_ERROR;
				CLANG_WARN_DOCUMENTATION_COMMENTS = YES;
				CLANG_WARN_EMPTY_BODY = YES;
				CLANG_WARN_ENUM_CONVERSION = YES;
				CLANG_WARN_INFINITE_RECURSION = YES;
				CLANG_WARN_INT_CONVERSION = YES;
				CLANG_WARN_NON_LITERAL_NULL_CONVERSION = YES;
				CLANG_WARN_OBJC_IMPLICIT_RETAIN_SELF = YES;
				CLANG_WARN_OBJC_LITERAL_CONVERSION = YES;
				CLANG_WARN_OBJC_ROOT_CLASS = YES_ERROR;
				CLANG_WARN_RANGE_LOOP_ANALYSIS = YES;
				CLANG_WARN_STRICT_PROTOTYPES = YES;
				CLANG_WARN_SUSPICIOUS_MOVE = YES;
				CLANG_WARN_UNGUARDED_AVAILABILITY = YES_AGGRESSIVE;
				CLANG_WARN_UNREACHABLE_CODE = YES;
				CLANG_WARN__DUPLICATE_METHOD_MATCH = YES;
				COPY_PHASE_STRIP = NO;
				DEBUG_INFORMATION_FORMAT = dwarf;
				ENABLE_STRICT_OBJC_MSGSEND = YES;
				ENABLE_TESTABILITY = YES;
				GCC_C_LANGUAGE_STANDARD = gnu11;
				GCC_DYNAMIC_NO_PIC = NO;
				GCC_NO_COMMON_BLOCKS = YES;
				GCC_OPTIMIZATION_LEVEL = 0;
				GCC_PREPROCESSOR_DEFINITIONS = (
					"DEBUG=1",
					"$(inherited)",
				);
				GCC_WARN_64_TO_32_BIT_CONVERSION = YES;
				GCC_WARN_ABOUT_RETURN_TYPE = YES_ERROR;
				GCC_WARN_UNDECLARED_SELECTOR = YES;
				GCC_WARN_UNINITIALIZED_AUTOS = YES_AGGRESSIVE;
				GCC_WARN_UNUSED_FUNCTION = YES;
				GCC_WARN_UNUSED_VARIABLE = YES;
				IPHONEOS_DEPLOYMENT_TARGET = 13.4;
				MTL_ENABLE_DEBUG_INFO = INCLUDE_SOURCE;
				MTL_FAST_MATH = YES;
				ONLY_ACTIVE_ARCH = YES;
				SDKROOT = iphoneos;
				SWIFT_ACTIVE_COMPILATION_CONDITIONS = DEBUG;
				SWIFT_OPTIMIZATION_LEVEL = "-Onone";
			};
			name = Debug;
		};
		D066E6C524701B10007FA3DB /* Release */ = {
			isa = XCBuildConfiguration;
			buildSettings = {
				ALWAYS_SEARCH_USER_PATHS = NO;
				CLANG_ANALYZER_NONNULL = YES;
				CLANG_ANALYZER_NUMBER_OBJECT_CONVERSION = YES_AGGRESSIVE;
				CLANG_CXX_LANGUAGE_STANDARD = "gnu++14";
				CLANG_CXX_LIBRARY = "libc++";
				CLANG_ENABLE_MODULES = YES;
				CLANG_ENABLE_OBJC_ARC = YES;
				CLANG_ENABLE_OBJC_WEAK = YES;
				CLANG_WARN_BLOCK_CAPTURE_AUTORELEASING = YES;
				CLANG_WARN_BOOL_CONVERSION = YES;
				CLANG_WARN_COMMA = YES;
				CLANG_WARN_CONSTANT_CONVERSION = YES;
				CLANG_WARN_DEPRECATED_OBJC_IMPLEMENTATIONS = YES;
				CLANG_WARN_DIRECT_OBJC_ISA_USAGE = YES_ERROR;
				CLANG_WARN_DOCUMENTATION_COMMENTS = YES;
				CLANG_WARN_EMPTY_BODY = YES;
				CLANG_WARN_ENUM_CONVERSION = YES;
				CLANG_WARN_INFINITE_RECURSION = YES;
				CLANG_WARN_INT_CONVERSION = YES;
				CLANG_WARN_NON_LITERAL_NULL_CONVERSION = YES;
				CLANG_WARN_OBJC_IMPLICIT_RETAIN_SELF = YES;
				CLANG_WARN_OBJC_LITERAL_CONVERSION = YES;
				CLANG_WARN_OBJC_ROOT_CLASS = YES_ERROR;
				CLANG_WARN_RANGE_LOOP_ANALYSIS = YES;
				CLANG_WARN_STRICT_PROTOTYPES = YES;
				CLANG_WARN_SUSPICIOUS_MOVE = YES;
				CLANG_WARN_UNGUARDED_AVAILABILITY = YES_AGGRESSIVE;
				CLANG_WARN_UNREACHABLE_CODE = YES;
				CLANG_WARN__DUPLICATE_METHOD_MATCH = YES;
				COPY_PHASE_STRIP = NO;
				DEBUG_INFORMATION_FORMAT = "dwarf-with-dsym";
				ENABLE_NS_ASSERTIONS = NO;
				ENABLE_STRICT_OBJC_MSGSEND = YES;
				GCC_C_LANGUAGE_STANDARD = gnu11;
				GCC_NO_COMMON_BLOCKS = YES;
				GCC_WARN_64_TO_32_BIT_CONVERSION = YES;
				GCC_WARN_ABOUT_RETURN_TYPE = YES_ERROR;
				GCC_WARN_UNDECLARED_SELECTOR = YES;
				GCC_WARN_UNINITIALIZED_AUTOS = YES_AGGRESSIVE;
				GCC_WARN_UNUSED_FUNCTION = YES;
				GCC_WARN_UNUSED_VARIABLE = YES;
				IPHONEOS_DEPLOYMENT_TARGET = 13.4;
				MTL_ENABLE_DEBUG_INFO = NO;
				MTL_FAST_MATH = YES;
				SDKROOT = iphoneos;
				SWIFT_COMPILATION_MODE = wholemodule;
				SWIFT_OPTIMIZATION_LEVEL = "-O";
				VALIDATE_PRODUCT = YES;
			};
			name = Release;
		};
		D066E6C724701B10007FA3DB /* Debug */ = {
			isa = XCBuildConfiguration;
			buildSettings = {
				ASSETCATALOG_COMPILER_APPICON_NAME = AppIcon;
				CODE_SIGN_STYLE = Automatic;
				DEVELOPMENT_ASSET_PATHS = "\"TodoList_SwiftUI/Preview Content\"";
				DEVELOPMENT_TEAM = 7RPFL7EXKD;
				ENABLE_PREVIEWS = YES;
				INFOPLIST_FILE = TodoList_SwiftUI/Info.plist;
				LD_RUNPATH_SEARCH_PATHS = (
					"$(inherited)",
					"@executable_path/Frameworks",
				);
				PRODUCT_BUNDLE_IDENTIFIER = "m.dobashi.TodoList-SwiftUI";
				PRODUCT_NAME = "$(TARGET_NAME)";
				SWIFT_VERSION = 5.0;
				TARGETED_DEVICE_FAMILY = "1,2";
			};
			name = Debug;
		};
		D066E6C824701B10007FA3DB /* Release */ = {
			isa = XCBuildConfiguration;
			buildSettings = {
				ASSETCATALOG_COMPILER_APPICON_NAME = AppIcon;
				CODE_SIGN_STYLE = Automatic;
				DEVELOPMENT_ASSET_PATHS = "\"TodoList_SwiftUI/Preview Content\"";
				DEVELOPMENT_TEAM = 7RPFL7EXKD;
				ENABLE_PREVIEWS = YES;
				INFOPLIST_FILE = TodoList_SwiftUI/Info.plist;
				LD_RUNPATH_SEARCH_PATHS = (
					"$(inherited)",
					"@executable_path/Frameworks",
				);
				PRODUCT_BUNDLE_IDENTIFIER = "m.dobashi.TodoList-SwiftUI";
				PRODUCT_NAME = "$(TARGET_NAME)";
				SWIFT_VERSION = 5.0;
				TARGETED_DEVICE_FAMILY = "1,2";
			};
			name = Release;
		};
		D066E6CA24701B10007FA3DB /* Debug */ = {
			isa = XCBuildConfiguration;
			buildSettings = {
				ALWAYS_EMBED_SWIFT_STANDARD_LIBRARIES = YES;
				BUNDLE_LOADER = "$(TEST_HOST)";
				CODE_SIGN_STYLE = Automatic;
				DEVELOPMENT_TEAM = 7RPFL7EXKD;
				INFOPLIST_FILE = TodoList_SwiftUITests/Info.plist;
				IPHONEOS_DEPLOYMENT_TARGET = 13.4;
				LD_RUNPATH_SEARCH_PATHS = (
					"$(inherited)",
					"@executable_path/Frameworks",
					"@loader_path/Frameworks",
				);
				PRODUCT_BUNDLE_IDENTIFIER = "m.dobashi.TodoList-SwiftUITests";
				PRODUCT_NAME = "$(TARGET_NAME)";
				SWIFT_VERSION = 5.0;
				TARGETED_DEVICE_FAMILY = "1,2";
				TEST_HOST = "$(BUILT_PRODUCTS_DIR)/TodoList_SwiftUI.app/TodoList_SwiftUI";
			};
			name = Debug;
		};
		D066E6CB24701B10007FA3DB /* Release */ = {
			isa = XCBuildConfiguration;
			buildSettings = {
				ALWAYS_EMBED_SWIFT_STANDARD_LIBRARIES = YES;
				BUNDLE_LOADER = "$(TEST_HOST)";
				CODE_SIGN_STYLE = Automatic;
				DEVELOPMENT_TEAM = 7RPFL7EXKD;
				INFOPLIST_FILE = TodoList_SwiftUITests/Info.plist;
				IPHONEOS_DEPLOYMENT_TARGET = 13.4;
				LD_RUNPATH_SEARCH_PATHS = (
					"$(inherited)",
					"@executable_path/Frameworks",
					"@loader_path/Frameworks",
				);
				PRODUCT_BUNDLE_IDENTIFIER = "m.dobashi.TodoList-SwiftUITests";
				PRODUCT_NAME = "$(TARGET_NAME)";
				SWIFT_VERSION = 5.0;
				TARGETED_DEVICE_FAMILY = "1,2";
				TEST_HOST = "$(BUILT_PRODUCTS_DIR)/TodoList_SwiftUI.app/TodoList_SwiftUI";
			};
			name = Release;
		};
		D066E6CD24701B10007FA3DB /* Debug */ = {
			isa = XCBuildConfiguration;
			buildSettings = {
				ALWAYS_EMBED_SWIFT_STANDARD_LIBRARIES = YES;
				CODE_SIGN_STYLE = Automatic;
				DEVELOPMENT_TEAM = 7RPFL7EXKD;
				INFOPLIST_FILE = TodoList_SwiftUIUITests/Info.plist;
				LD_RUNPATH_SEARCH_PATHS = (
					"$(inherited)",
					"@executable_path/Frameworks",
					"@loader_path/Frameworks",
				);
				PRODUCT_BUNDLE_IDENTIFIER = "m.dobashi.TodoList-SwiftUIUITests";
				PRODUCT_NAME = "$(TARGET_NAME)";
				SWIFT_VERSION = 5.0;
				TARGETED_DEVICE_FAMILY = "1,2";
				TEST_TARGET_NAME = TodoList_SwiftUI;
			};
			name = Debug;
		};
		D066E6CE24701B10007FA3DB /* Release */ = {
			isa = XCBuildConfiguration;
			buildSettings = {
				ALWAYS_EMBED_SWIFT_STANDARD_LIBRARIES = YES;
				CODE_SIGN_STYLE = Automatic;
				DEVELOPMENT_TEAM = 7RPFL7EXKD;
				INFOPLIST_FILE = TodoList_SwiftUIUITests/Info.plist;
				LD_RUNPATH_SEARCH_PATHS = (
					"$(inherited)",
					"@executable_path/Frameworks",
					"@loader_path/Frameworks",
				);
				PRODUCT_BUNDLE_IDENTIFIER = "m.dobashi.TodoList-SwiftUIUITests";
				PRODUCT_NAME = "$(TARGET_NAME)";
				SWIFT_VERSION = 5.0;
				TARGETED_DEVICE_FAMILY = "1,2";
				TEST_TARGET_NAME = TodoList_SwiftUI;
			};
			name = Release;
		};
/* End XCBuildConfiguration section */

/* Begin XCConfigurationList section */
		D066E69724701B0B007FA3DB /* Build configuration list for PBXProject "TodoList_SwiftUI" */ = {
			isa = XCConfigurationList;
			buildConfigurations = (
				D066E6C424701B10007FA3DB /* Debug */,
				D066E6C524701B10007FA3DB /* Release */,
			);
			defaultConfigurationIsVisible = 0;
			defaultConfigurationName = Release;
		};
		D066E6C624701B10007FA3DB /* Build configuration list for PBXNativeTarget "TodoList_SwiftUI" */ = {
			isa = XCConfigurationList;
			buildConfigurations = (
				D066E6C724701B10007FA3DB /* Debug */,
				D066E6C824701B10007FA3DB /* Release */,
			);
			defaultConfigurationIsVisible = 0;
			defaultConfigurationName = Release;
		};
		D066E6C924701B10007FA3DB /* Build configuration list for PBXNativeTarget "TodoList_SwiftUITests" */ = {
			isa = XCConfigurationList;
			buildConfigurations = (
				D066E6CA24701B10007FA3DB /* Debug */,
				D066E6CB24701B10007FA3DB /* Release */,
			);
			defaultConfigurationIsVisible = 0;
			defaultConfigurationName = Release;
		};
		D066E6CC24701B10007FA3DB /* Build configuration list for PBXNativeTarget "TodoList_SwiftUIUITests" */ = {
			isa = XCConfigurationList;
			buildConfigurations = (
				D066E6CD24701B10007FA3DB /* Debug */,
				D066E6CE24701B10007FA3DB /* Release */,
			);
			defaultConfigurationIsVisible = 0;
			defaultConfigurationName = Release;
		};
/* End XCConfigurationList section */
	};
	rootObject = D066E69424701B0B007FA3DB /* Project object */;
}
